// !$*UTF8*$!
{
	archiveVersion = 1;
	classes = {
	};
	objectVersion = 46;
	objects = {

/* Begin PBXBuildFile section */
		1B0F903EB308CF66A5AF846B /* Pods_WeatherStatistics.framework in Frameworks */ = {isa = PBXBuildFile; fileRef = 2B5D5F18E7BEC9768C461F32 /* Pods_WeatherStatistics.framework */; };
		44BF10071EF5A7E40034B83B /* YearStatistic.swift in Sources */ = {isa = PBXBuildFile; fileRef = 44BF10061EF5A7E40034B83B /* YearStatistic.swift */; };
		44BF10091EF5A80E0034B83B /* MonthStatistic.swift in Sources */ = {isa = PBXBuildFile; fileRef = 44BF10081EF5A80E0034B83B /* MonthStatistic.swift */; };
		44BF100A1EF5A9940034B83B /* YearStatistic.swift in Sources */ = {isa = PBXBuildFile; fileRef = 44BF10061EF5A7E40034B83B /* YearStatistic.swift */; };
		44BF100C1EF5A9B00034B83B /* MonthStatistic.swift in Sources */ = {isa = PBXBuildFile; fileRef = 44BF10081EF5A80E0034B83B /* MonthStatistic.swift */; };
		44BF102A1EF5CBAE0034B83B /* NetworkManager.swift in Sources */ = {isa = PBXBuildFile; fileRef = 44BF10291EF5CBAE0034B83B /* NetworkManager.swift */; };
		44BF102B1EF5CBAE0034B83B /* NetworkManager.swift in Sources */ = {isa = PBXBuildFile; fileRef = 44BF10291EF5CBAE0034B83B /* NetworkManager.swift */; };
		44BF10451EF5CF3C0034B83B /* WeathrStatisticRootView.swift in Sources */ = {isa = PBXBuildFile; fileRef = 44BF103E1EF5CF3C0034B83B /* WeathrStatisticRootView.swift */; };
		44BF10461EF5CF3C0034B83B /* WeathrStatisticViewController.swift in Sources */ = {isa = PBXBuildFile; fileRef = 44BF103F1EF5CF3C0034B83B /* WeathrStatisticViewController.swift */; };
		44BF104D1EF5CF590034B83B /* CitiesViewController.swift in Sources */ = {isa = PBXBuildFile; fileRef = 44BF10481EF5CF590034B83B /* CitiesViewController.swift */; };
		44BF104E1EF5CF590034B83B /* CitiesViewModel.swift in Sources */ = {isa = PBXBuildFile; fileRef = 44BF10491EF5CF590034B83B /* CitiesViewModel.swift */; };
		44BF104F1EF5CF590034B83B /* CityCell.swift in Sources */ = {isa = PBXBuildFile; fileRef = 44BF104B1EF5CF590034B83B /* CityCell.swift */; };
		44BF10501EF5CF590034B83B /* CityCell.xib in Resources */ = {isa = PBXBuildFile; fileRef = 44BF104C1EF5CF590034B83B /* CityCell.xib */; };
		44BF10521EF5CF720034B83B /* WeatherListViewController.swift in Sources */ = {isa = PBXBuildFile; fileRef = 44BF10511EF5CF720034B83B /* WeatherListViewController.swift */; };
		44BF10541EF5CF950034B83B /* WeatherСhartViewСontroller.swift in Sources */ = {isa = PBXBuildFile; fileRef = 44BF10531EF5CF950034B83B /* WeatherСhartViewСontroller.swift */; };
		44BF10561EF5D10D0034B83B /* PageTabBarController.swift in Sources */ = {isa = PBXBuildFile; fileRef = 44BF10551EF5D10D0034B83B /* PageTabBarController.swift */; };
		44BF105D1EF653840034B83B /* MonthCell.swift in Sources */ = {isa = PBXBuildFile; fileRef = 44BF10581EF653840034B83B /* MonthCell.swift */; };
		44BF105E1EF653840034B83B /* MonthCell.xib in Resources */ = {isa = PBXBuildFile; fileRef = 44BF10591EF653840034B83B /* MonthCell.xib */; };
		44BF105F1EF653840034B83B /* YearHeaderView.swift in Sources */ = {isa = PBXBuildFile; fileRef = 44BF105B1EF653840034B83B /* YearHeaderView.swift */; };
		44BF10601EF653840034B83B /* YearHeaderView.xib in Resources */ = {isa = PBXBuildFile; fileRef = 44BF105C1EF653840034B83B /* YearHeaderView.xib */; };
		44BF10621EF660C70034B83B /* Arifmetic.swift in Sources */ = {isa = PBXBuildFile; fileRef = 44BF10611EF660C70034B83B /* Arifmetic.swift */; };
		44BF10631EF661960034B83B /* Arifmetic.swift in Sources */ = {isa = PBXBuildFile; fileRef = 44BF10611EF660C70034B83B /* Arifmetic.swift */; };
		44BF10661EF697020034B83B /* TMaxChartViewController.swift in Sources */ = {isa = PBXBuildFile; fileRef = 44BF10651EF697020034B83B /* TMaxChartViewController.swift */; };
		44BF10691EF7071F0034B83B /* TMinChartViewController.swift in Sources */ = {isa = PBXBuildFile; fileRef = 44BF10681EF7071F0034B83B /* TMinChartViewController.swift */; };
		44BF106D1EF79E600034B83B /* RainMMCHartViewController.swift in Sources */ = {isa = PBXBuildFile; fileRef = 44BF106C1EF79E600034B83B /* RainMMCHartViewController.swift */; };
		44CB23881EF0850D00B0B0B0 /* AppDelegate.swift in Sources */ = {isa = PBXBuildFile; fileRef = 44CB237F1EF0850D00B0B0B0 /* AppDelegate.swift */; };
		44CB23891EF0850D00B0B0B0 /* Assets.xcassets in Resources */ = {isa = PBXBuildFile; fileRef = 44CB23801EF0850D00B0B0B0 /* Assets.xcassets */; };
		44CB238A1EF0850D00B0B0B0 /* LaunchScreen.storyboard in Resources */ = {isa = PBXBuildFile; fileRef = 44CB23811EF0850D00B0B0B0 /* LaunchScreen.storyboard */; };
		44CB238B1EF0850D00B0B0B0 /* Main.storyboard in Resources */ = {isa = PBXBuildFile; fileRef = 44CB23831EF0850D00B0B0B0 /* Main.storyboard */; };
		44CB238C1EF0850D00B0B0B0 /* Info.plist in Resources */ = {isa = PBXBuildFile; fileRef = 44CB23851EF0850D00B0B0B0 /* Info.plist */; };
		44CB238D1EF0850D00B0B0B0 /* WeatherStatistics.xcdatamodeld in Sources */ = {isa = PBXBuildFile; fileRef = 44CB23861EF0850D00B0B0B0 /* WeatherStatistics.xcdatamodeld */; };
		44CB23981EF0886800B0B0B0 /* MeteorologicalStationList.plist in Resources */ = {isa = PBXBuildFile; fileRef = 44CB23971EF0886800B0B0B0 /* MeteorologicalStationList.plist */; };
		44CB23A21EF08A8600B0B0B0 /* CitySourceData.swift in Sources */ = {isa = PBXBuildFile; fileRef = 44CB23A11EF08A8600B0B0B0 /* CitySourceData.swift */; };
		44CB23A71EF1CC0600B0B0B0 /* DataParser.swift in Sources */ = {isa = PBXBuildFile; fileRef = 44CB23A61EF1CC0600B0B0B0 /* DataParser.swift */; };
		44CB23A91EF1D28700B0B0B0 /* Constanst.swift in Sources */ = {isa = PBXBuildFile; fileRef = 44CB23A81EF1D28700B0B0B0 /* Constanst.swift */; };
		44CB24321EF1DE7700B0B0B0 /* Converter.swift in Sources */ = {isa = PBXBuildFile; fileRef = 44CB23B41EF1DE7700B0B0B0 /* Converter.swift */; };
		44CB24331EF1DE7700B0B0B0 /* CheckBox.swift in Sources */ = {isa = PBXBuildFile; fileRef = 44CB23B61EF1DE7700B0B0B0 /* CheckBox.swift */; };
		44CB24341EF1DE7700B0B0B0 /* LGHorizontalLinearFlowLayout.swift in Sources */ = {isa = PBXBuildFile; fileRef = 44CB23B91EF1DE7700B0B0B0 /* LGHorizontalLinearFlowLayout.swift */; };
		44CB24351EF1DE7700B0B0B0 /* CreditProgressView.swift in Sources */ = {isa = PBXBuildFile; fileRef = 44CB23BB1EF1DE7700B0B0B0 /* CreditProgressView.swift */; };
		44CB24361EF1DE7700B0B0B0 /* CreditProgressView.xib in Resources */ = {isa = PBXBuildFile; fileRef = 44CB23BC1EF1DE7700B0B0B0 /* CreditProgressView.xib */; };
		44CB24371EF1DE7700B0B0B0 /* FlipApperdAnimationController.swift in Sources */ = {isa = PBXBuildFile; fileRef = 44CB23BF1EF1DE7700B0B0B0 /* FlipApperdAnimationController.swift */; };
		44CB24381EF1DE7700B0B0B0 /* FlipDismissAnimationControllerViewController.swift in Sources */ = {isa = PBXBuildFile; fileRef = 44CB23C01EF1DE7700B0B0B0 /* FlipDismissAnimationControllerViewController.swift */; };
		44CB24391EF1DE7700B0B0B0 /* FlipTransitionDelegate.swift in Sources */ = {isa = PBXBuildFile; fileRef = 44CB23C11EF1DE7700B0B0B0 /* FlipTransitionDelegate.swift */; };
		44CB243A1EF1DE7700B0B0B0 /* SwipeInteractionController.swift in Sources */ = {isa = PBXBuildFile; fileRef = 44CB23C21EF1DE7700B0B0B0 /* SwipeInteractionController.swift */; };
		44CB243B1EF1DE7700B0B0B0 /* SlideInPresentationAnimator.swift in Sources */ = {isa = PBXBuildFile; fileRef = 44CB23C41EF1DE7700B0B0B0 /* SlideInPresentationAnimator.swift */; };
		44CB243C1EF1DE7700B0B0B0 /* SlideInPresentationController.swift in Sources */ = {isa = PBXBuildFile; fileRef = 44CB23C51EF1DE7700B0B0B0 /* SlideInPresentationController.swift */; };
		44CB243D1EF1DE7700B0B0B0 /* SlideInPresentationManager.swift in Sources */ = {isa = PBXBuildFile; fileRef = 44CB23C61EF1DE7700B0B0B0 /* SlideInPresentationManager.swift */; };
		44CB243E1EF1DE7700B0B0B0 /* SlideOutAnimationController.swift in Sources */ = {isa = PBXBuildFile; fileRef = 44CB23C71EF1DE7700B0B0B0 /* SlideOutAnimationController.swift */; };
		44CB243F1EF1DE7700B0B0B0 /* TrancitionViewController.swift in Sources */ = {isa = PBXBuildFile; fileRef = 44CB23C81EF1DE7700B0B0B0 /* TrancitionViewController.swift */; };
		44CB24401EF1DE7700B0B0B0 /* CustomPlayer.swift in Sources */ = {isa = PBXBuildFile; fileRef = 44CB23CA1EF1DE7700B0B0B0 /* CustomPlayer.swift */; };
		44CB24411EF1DE7700B0B0B0 /* CustomPlayer.xib in Resources */ = {isa = PBXBuildFile; fileRef = 44CB23CB1EF1DE7700B0B0B0 /* CustomPlayer.xib */; };
		44CB24421EF1DE7700B0B0B0 /* DesignableUITextField.swift in Sources */ = {isa = PBXBuildFile; fileRef = 44CB23CC1EF1DE7700B0B0B0 /* DesignableUITextField.swift */; };
		44CB244B1EF1DE7700B0B0B0 /* EdgeShadowLayer.swift in Sources */ = {isa = PBXBuildFile; fileRef = 44CB23DA1EF1DE7700B0B0B0 /* EdgeShadowLayer.swift */; };
		44CB244C1EF1DE7700B0B0B0 /* ExpandButton.swift in Sources */ = {isa = PBXBuildFile; fileRef = 44CB23DB1EF1DE7700B0B0B0 /* ExpandButton.swift */; };
		44CB244D1EF1DE7700B0B0B0 /* ANSLoadingView.m in Sources */ = {isa = PBXBuildFile; fileRef = 44CB23DF1EF1DE7700B0B0B0 /* ANSLoadingView.m */; };
		44CB244E1EF1DE7700B0B0B0 /* ANSLoadingView.xib in Resources */ = {isa = PBXBuildFile; fileRef = 44CB23E01EF1DE7700B0B0B0 /* ANSLoadingView.xib */; };
		44CB244F1EF1DE7700B0B0B0 /* ANSRootView.m in Sources */ = {isa = PBXBuildFile; fileRef = 44CB23E31EF1DE7700B0B0B0 /* ANSRootView.m */; };
		44CB24501EF1DE7700B0B0B0 /* NavBar.swift in Sources */ = {isa = PBXBuildFile; fileRef = 44CB23E51EF1DE7700B0B0B0 /* NavBar.swift */; };
		44CB24511EF1DE7700B0B0B0 /* NavBar.xib in Resources */ = {isa = PBXBuildFile; fileRef = 44CB23E61EF1DE7700B0B0B0 /* NavBar.xib */; };
		44CB24521EF1DE7700B0B0B0 /* LeftArrowButton.swift in Sources */ = {isa = PBXBuildFile; fileRef = 44CB23E91EF1DE7700B0B0B0 /* LeftArrowButton.swift */; };
		44CB24531EF1DE7700B0B0B0 /* RightArrowButton.swift in Sources */ = {isa = PBXBuildFile; fileRef = 44CB23EB1EF1DE7700B0B0B0 /* RightArrowButton.swift */; };
		44CB24541EF1DE7700B0B0B0 /* UpDownButton.swift in Sources */ = {isa = PBXBuildFile; fileRef = 44CB23ED1EF1DE7700B0B0B0 /* UpDownButton.swift */; };
		44CB24551EF1DE7700B0B0B0 /* PaginatorView.swift in Sources */ = {isa = PBXBuildFile; fileRef = 44CB23EF1EF1DE7700B0B0B0 /* PaginatorView.swift */; };
		44CB24561EF1DE7700B0B0B0 /* PaginatorView.xib in Resources */ = {isa = PBXBuildFile; fileRef = 44CB23F01EF1DE7700B0B0B0 /* PaginatorView.xib */; };
		44CB24571EF1DE7700B0B0B0 /* RadioButton.swift in Sources */ = {isa = PBXBuildFile; fileRef = 44CB23F21EF1DE7700B0B0B0 /* RadioButton.swift */; };
		44CB24581EF1DE7700B0B0B0 /* RadioButton.xib in Resources */ = {isa = PBXBuildFile; fileRef = 44CB23F31EF1DE7700B0B0B0 /* RadioButton.xib */; };
		44CB24591EF1DE7700B0B0B0 /* RadioButton.xib in Resources */ = {isa = PBXBuildFile; fileRef = 44CB23F41EF1DE7700B0B0B0 /* RadioButton.xib */; };
		44CB245C1EF1DE7700B0B0B0 /* Roboto-Black.ttf in Resources */ = {isa = PBXBuildFile; fileRef = 44CB23F91EF1DE7700B0B0B0 /* Roboto-Black.ttf */; };
		44CB245D1EF1DE7700B0B0B0 /* Roboto-BlackItalic.ttf in Resources */ = {isa = PBXBuildFile; fileRef = 44CB23FA1EF1DE7700B0B0B0 /* Roboto-BlackItalic.ttf */; };
		44CB245E1EF1DE7700B0B0B0 /* Roboto-Bold.ttf in Resources */ = {isa = PBXBuildFile; fileRef = 44CB23FB1EF1DE7700B0B0B0 /* Roboto-Bold.ttf */; };
		44CB245F1EF1DE7700B0B0B0 /* Roboto-BoldItalic.ttf in Resources */ = {isa = PBXBuildFile; fileRef = 44CB23FC1EF1DE7700B0B0B0 /* Roboto-BoldItalic.ttf */; };
		44CB24601EF1DE7700B0B0B0 /* Roboto-Italic.ttf in Resources */ = {isa = PBXBuildFile; fileRef = 44CB23FD1EF1DE7700B0B0B0 /* Roboto-Italic.ttf */; };
		44CB24611EF1DE7700B0B0B0 /* Roboto-Light.ttf in Resources */ = {isa = PBXBuildFile; fileRef = 44CB23FE1EF1DE7700B0B0B0 /* Roboto-Light.ttf */; };
		44CB24621EF1DE7700B0B0B0 /* Roboto-LightItalic.ttf in Resources */ = {isa = PBXBuildFile; fileRef = 44CB23FF1EF1DE7700B0B0B0 /* Roboto-LightItalic.ttf */; };
		44CB24631EF1DE7700B0B0B0 /* Roboto-Medium.ttf in Resources */ = {isa = PBXBuildFile; fileRef = 44CB24001EF1DE7700B0B0B0 /* Roboto-Medium.ttf */; };
		44CB24641EF1DE7700B0B0B0 /* Roboto-MediumItalic.ttf in Resources */ = {isa = PBXBuildFile; fileRef = 44CB24011EF1DE7700B0B0B0 /* Roboto-MediumItalic.ttf */; };
		44CB24651EF1DE7700B0B0B0 /* Roboto-Regular.ttf in Resources */ = {isa = PBXBuildFile; fileRef = 44CB24021EF1DE7700B0B0B0 /* Roboto-Regular.ttf */; };
		44CB24661EF1DE7700B0B0B0 /* Roboto-Thin.ttf in Resources */ = {isa = PBXBuildFile; fileRef = 44CB24031EF1DE7700B0B0B0 /* Roboto-Thin.ttf */; };
		44CB24671EF1DE7700B0B0B0 /* Roboto-ThinItalic.ttf in Resources */ = {isa = PBXBuildFile; fileRef = 44CB24041EF1DE7700B0B0B0 /* Roboto-ThinItalic.ttf */; };
		44CB24681EF1DE7700B0B0B0 /* RobotoCondensed-Bold.ttf in Resources */ = {isa = PBXBuildFile; fileRef = 44CB24051EF1DE7700B0B0B0 /* RobotoCondensed-Bold.ttf */; };
		44CB24691EF1DE7700B0B0B0 /* RobotoCondensed-BoldItalic.ttf in Resources */ = {isa = PBXBuildFile; fileRef = 44CB24061EF1DE7700B0B0B0 /* RobotoCondensed-BoldItalic.ttf */; };
		44CB246A1EF1DE7700B0B0B0 /* RobotoCondensed-Italic.ttf in Resources */ = {isa = PBXBuildFile; fileRef = 44CB24071EF1DE7700B0B0B0 /* RobotoCondensed-Italic.ttf */; };
		44CB246B1EF1DE7700B0B0B0 /* RobotoCondensed-Light.ttf in Resources */ = {isa = PBXBuildFile; fileRef = 44CB24081EF1DE7700B0B0B0 /* RobotoCondensed-Light.ttf */; };
		44CB246C1EF1DE7700B0B0B0 /* RobotoCondensed-LightItalic.ttf in Resources */ = {isa = PBXBuildFile; fileRef = 44CB24091EF1DE7700B0B0B0 /* RobotoCondensed-LightItalic.ttf */; };
		44CB246D1EF1DE7700B0B0B0 /* RobotoCondensed-Regular.ttf in Resources */ = {isa = PBXBuildFile; fileRef = 44CB240A1EF1DE7700B0B0B0 /* RobotoCondensed-Regular.ttf */; };
		44CB246E1EF1DE7700B0B0B0 /* HeaderView.swift in Sources */ = {isa = PBXBuildFile; fileRef = 44CB240C1EF1DE7700B0B0B0 /* HeaderView.swift */; };
		44CB246F1EF1DE7700B0B0B0 /* HeaderView.xib in Resources */ = {isa = PBXBuildFile; fileRef = 44CB240D1EF1DE7700B0B0B0 /* HeaderView.xib */; };
		44CB24701EF1DE7700B0B0B0 /* VisibleButton.swift in Sources */ = {isa = PBXBuildFile; fileRef = 44CB240E1EF1DE7700B0B0B0 /* VisibleButton.swift */; };
		44CB24711EF1DE7700B0B0B0 /* Array + Extension.swift in Sources */ = {isa = PBXBuildFile; fileRef = 44CB24101EF1DE7700B0B0B0 /* Array + Extension.swift */; };
		44CB24721EF1DE7700B0B0B0 /* Date + Extension.swift in Sources */ = {isa = PBXBuildFile; fileRef = 44CB24111EF1DE7700B0B0B0 /* Date + Extension.swift */; };
		44CB24731EF1DE7700B0B0B0 /* DesignExtensions.swift in Sources */ = {isa = PBXBuildFile; fileRef = 44CB24121EF1DE7700B0B0B0 /* DesignExtensions.swift */; };
		44CB24741EF1DE7700B0B0B0 /* Dictionary + Extension.swift in Sources */ = {isa = PBXBuildFile; fileRef = 44CB24131EF1DE7700B0B0B0 /* Dictionary + Extension.swift */; };
		44CB24751EF1DE7700B0B0B0 /* FileManager + Extension.swift in Sources */ = {isa = PBXBuildFile; fileRef = 44CB24141EF1DE7700B0B0B0 /* FileManager + Extension.swift */; };
		44CB24761EF1DE7700B0B0B0 /* NSBundle+ANSExtenison.m in Sources */ = {isa = PBXBuildFile; fileRef = 44CB24171EF1DE7700B0B0B0 /* NSBundle+ANSExtenison.m */; };
		44CB24771EF1DE7700B0B0B0 /* String + Extension.swift in Sources */ = {isa = PBXBuildFile; fileRef = 44CB24181EF1DE7700B0B0B0 /* String + Extension.swift */; };
		44CB24781EF1DE7700B0B0B0 /* String + ParameterEncoding.swift in Sources */ = {isa = PBXBuildFile; fileRef = 44CB24191EF1DE7700B0B0B0 /* String + ParameterEncoding.swift */; };
		44CB24791EF1DE7700B0B0B0 /* String + Сurrency.swift in Sources */ = {isa = PBXBuildFile; fileRef = 44CB241A1EF1DE7700B0B0B0 /* String + Сurrency.swift */; };
		44CB247A1EF1DE7700B0B0B0 /* UIAllertViewController + Extension.swift in Sources */ = {isa = PBXBuildFile; fileRef = 44CB241B1EF1DE7700B0B0B0 /* UIAllertViewController + Extension.swift */; };
		44CB247B1EF1DE7700B0B0B0 /* UICollectionView + Extension.swift in Sources */ = {isa = PBXBuildFile; fileRef = 44CB241C1EF1DE7700B0B0B0 /* UICollectionView + Extension.swift */; };
		44CB247C1EF1DE7700B0B0B0 /* UIColor + Extension.swift in Sources */ = {isa = PBXBuildFile; fileRef = 44CB241D1EF1DE7700B0B0B0 /* UIColor + Extension.swift */; };
		44CB24821EF1DE7700B0B0B0 /* UIImage + Extension.swift in Sources */ = {isa = PBXBuildFile; fileRef = 44CB24231EF1DE7700B0B0B0 /* UIImage + Extension.swift */; };
		44CB24831EF1DE7700B0B0B0 /* UINib + Extension.swift in Sources */ = {isa = PBXBuildFile; fileRef = 44CB24241EF1DE7700B0B0B0 /* UINib + Extension.swift */; };
		44CB24841EF1DE7700B0B0B0 /* UIStoryboard + Extension.swift in Sources */ = {isa = PBXBuildFile; fileRef = 44CB24251EF1DE7700B0B0B0 /* UIStoryboard + Extension.swift */; };
		44CB24851EF1DE7700B0B0B0 /* UITableView + ChangeModel.swift in Sources */ = {isa = PBXBuildFile; fileRef = 44CB24261EF1DE7700B0B0B0 /* UITableView + ChangeModel.swift */; };
		44CB24861EF1DE7700B0B0B0 /* UITableView + Extension.swift in Sources */ = {isa = PBXBuildFile; fileRef = 44CB24271EF1DE7700B0B0B0 /* UITableView + Extension.swift */; };
		44CB24871EF1DE7700B0B0B0 /* UITableView + LongPressMoveRow.swift in Sources */ = {isa = PBXBuildFile; fileRef = 44CB24281EF1DE7700B0B0B0 /* UITableView + LongPressMoveRow.swift */; };
		44CB24881EF1DE7700B0B0B0 /* UIView + Extension.swift in Sources */ = {isa = PBXBuildFile; fileRef = 44CB24291EF1DE7700B0B0B0 /* UIView + Extension.swift */; };
		44CB24891EF1DE7700B0B0B0 /* UIViewController + Allert.swift in Sources */ = {isa = PBXBuildFile; fileRef = 44CB242A1EF1DE7700B0B0B0 /* UIViewController + Allert.swift */; };
		44CB248A1EF1DE7700B0B0B0 /* UIViewController + Extension.swift in Sources */ = {isa = PBXBuildFile; fileRef = 44CB242B1EF1DE7700B0B0B0 /* UIViewController + Extension.swift */; };
		44CB248B1EF1DE7700B0B0B0 /* Locker.swift in Sources */ = {isa = PBXBuildFile; fileRef = 44CB242C1EF1DE7700B0B0B0 /* Locker.swift */; };
		44CB248C1EF1DE7700B0B0B0 /* ImageLoader.swift in Sources */ = {isa = PBXBuildFile; fileRef = 44CB24301EF1DE7700B0B0B0 /* ImageLoader.swift */; };
		44CB248D1EF1DE7700B0B0B0 /* ObservableArray.swift in Sources */ = {isa = PBXBuildFile; fileRef = 44CB24311EF1DE7700B0B0B0 /* ObservableArray.swift */; };
		44E53BF71EF48F3800CA6D09 /* WeatherStatistics-IOS.h in Headers */ = {isa = PBXBuildFile; fileRef = 44E53BF51EF48F3800CA6D09 /* WeatherStatistics-IOS.h */; settings = {ATTRIBUTES = (Public, ); }; };
		44E53BFA1EF48F3800CA6D09 /* WeatherStatistics.framework in Frameworks */ = {isa = PBXBuildFile; fileRef = 44E53BF31EF48F3800CA6D09 /* WeatherStatistics.framework */; };
		44E53BFB1EF48F3800CA6D09 /* WeatherStatistics.framework in Embed Frameworks */ = {isa = PBXBuildFile; fileRef = 44E53BF31EF48F3800CA6D09 /* WeatherStatistics.framework */; settings = {ATTRIBUTES = (CodeSignOnCopy, RemoveHeadersOnCopy, ); }; };
		44E53BFF1EF4907300CA6D09 /* CitySourceData.swift in Sources */ = {isa = PBXBuildFile; fileRef = 44CB23A11EF08A8600B0B0B0 /* CitySourceData.swift */; };
		44E53C001EF4908C00CA6D09 /* Constanst.swift in Sources */ = {isa = PBXBuildFile; fileRef = 44CB23A81EF1D28700B0B0B0 /* Constanst.swift */; };
		44E53C011EF490AE00CA6D09 /* DataParser.swift in Sources */ = {isa = PBXBuildFile; fileRef = 44CB23A61EF1CC0600B0B0B0 /* DataParser.swift */; };
		44E53C021EF4933900CA6D09 /* MeteorologicalStationList.plist in Resources */ = {isa = PBXBuildFile; fileRef = 44CB23971EF0886800B0B0B0 /* MeteorologicalStationList.plist */; };
		44E53C041EF4A6BF00CA6D09 /* City.swift in Sources */ = {isa = PBXBuildFile; fileRef = 44E53C031EF4A6BF00CA6D09 /* City.swift */; };
		44E53C061EF4A7B600CA6D09 /* CityLocations.swift in Sources */ = {isa = PBXBuildFile; fileRef = 44E53C051EF4A7B600CA6D09 /* CityLocations.swift */; };
		44E53C091EF51ED500CA6D09 /* CityLocations.swift in Sources */ = {isa = PBXBuildFile; fileRef = 44E53C051EF4A7B600CA6D09 /* CityLocations.swift */; };
		44E53C0A1EF525F500CA6D09 /* String + Extension.swift in Sources */ = {isa = PBXBuildFile; fileRef = 44CB24181EF1DE7700B0B0B0 /* String + Extension.swift */; };
		44E53C0B1EF529C200CA6D09 /* City.swift in Sources */ = {isa = PBXBuildFile; fileRef = 44E53C031EF4A6BF00CA6D09 /* City.swift */; };
		4E1AB90189F9A44B8EB454FA /* Pods_WeatherStatistics_IOS.framework in Frameworks */ = {isa = PBXBuildFile; fileRef = BBC68B06AEDD9F27FBCB004D /* Pods_WeatherStatistics_IOS.framework */; };
/* End PBXBuildFile section */

/* Begin PBXContainerItemProxy section */
		44E53BF81EF48F3800CA6D09 /* PBXContainerItemProxy */ = {
			isa = PBXContainerItemProxy;
			containerPortal = 44CB235E1EF084B500B0B0B0 /* Project object */;
			proxyType = 1;
			remoteGlobalIDString = 44E53BF21EF48F3800CA6D09;
			remoteInfo = "WeatherStatistics-IOS";
		};
/* End PBXContainerItemProxy section */

/* Begin PBXCopyFilesBuildPhase section */
		441B7BBD1EF4825600DF6348 /* Embed Frameworks */ = {
			isa = PBXCopyFilesBuildPhase;
			buildActionMask = 2147483647;
			dstPath = "";
			dstSubfolderSpec = 10;
			files = (
				44E53BFB1EF48F3800CA6D09 /* WeatherStatistics.framework in Embed Frameworks */,
			);
			name = "Embed Frameworks";
			runOnlyForDeploymentPostprocessing = 0;
		};
/* End PBXCopyFilesBuildPhase section */

/* Begin PBXFileReference section */
		1C6B7CE364D100F6C3E87174 /* Pods-WeatherStatistics.release.xcconfig */ = {isa = PBXFileReference; includeInIndex = 1; lastKnownFileType = text.xcconfig; name = "Pods-WeatherStatistics.release.xcconfig"; path = "Pods/Target Support Files/Pods-WeatherStatistics/Pods-WeatherStatistics.release.xcconfig"; sourceTree = "<group>"; };
		2B5D5F18E7BEC9768C461F32 /* Pods_WeatherStatistics.framework */ = {isa = PBXFileReference; explicitFileType = wrapper.framework; includeInIndex = 0; path = Pods_WeatherStatistics.framework; sourceTree = BUILT_PRODUCTS_DIR; };
		4035D52C43DA6469247C670F /* Pods-WeatherStatistics-IOS.release.xcconfig */ = {isa = PBXFileReference; includeInIndex = 1; lastKnownFileType = text.xcconfig; name = "Pods-WeatherStatistics-IOS.release.xcconfig"; path = "Pods/Target Support Files/Pods-WeatherStatistics-IOS/Pods-WeatherStatistics-IOS.release.xcconfig"; sourceTree = "<group>"; };
		44BF10061EF5A7E40034B83B /* YearStatistic.swift */ = {isa = PBXFileReference; fileEncoding = 4; lastKnownFileType = sourcecode.swift; path = YearStatistic.swift; sourceTree = "<group>"; };
		44BF10081EF5A80E0034B83B /* MonthStatistic.swift */ = {isa = PBXFileReference; fileEncoding = 4; lastKnownFileType = sourcecode.swift; path = MonthStatistic.swift; sourceTree = "<group>"; };
		44BF10261EF5C34A0034B83B /* WeatherStatistics-Bridging-Header.h */ = {isa = PBXFileReference; fileEncoding = 4; lastKnownFileType = sourcecode.c.h; path = "WeatherStatistics-Bridging-Header.h"; sourceTree = "<group>"; };
		44BF10291EF5CBAE0034B83B /* NetworkManager.swift */ = {isa = PBXFileReference; fileEncoding = 4; lastKnownFileType = sourcecode.swift; path = NetworkManager.swift; sourceTree = "<group>"; };
		44BF103E1EF5CF3C0034B83B /* WeathrStatisticRootView.swift */ = {isa = PBXFileReference; fileEncoding = 4; lastKnownFileType = sourcecode.swift; path = WeathrStatisticRootView.swift; sourceTree = "<group>"; };
		44BF103F1EF5CF3C0034B83B /* WeathrStatisticViewController.swift */ = {isa = PBXFileReference; fileEncoding = 4; lastKnownFileType = sourcecode.swift; path = WeathrStatisticViewController.swift; sourceTree = "<group>"; };
		44BF10481EF5CF590034B83B /* CitiesViewController.swift */ = {isa = PBXFileReference; fileEncoding = 4; lastKnownFileType = sourcecode.swift; path = CitiesViewController.swift; sourceTree = "<group>"; };
		44BF10491EF5CF590034B83B /* CitiesViewModel.swift */ = {isa = PBXFileReference; fileEncoding = 4; lastKnownFileType = sourcecode.swift; path = CitiesViewModel.swift; sourceTree = "<group>"; };
		44BF104B1EF5CF590034B83B /* CityCell.swift */ = {isa = PBXFileReference; fileEncoding = 4; lastKnownFileType = sourcecode.swift; path = CityCell.swift; sourceTree = "<group>"; };
		44BF104C1EF5CF590034B83B /* CityCell.xib */ = {isa = PBXFileReference; fileEncoding = 4; lastKnownFileType = file.xib; path = CityCell.xib; sourceTree = "<group>"; };
		44BF10511EF5CF720034B83B /* WeatherListViewController.swift */ = {isa = PBXFileReference; fileEncoding = 4; lastKnownFileType = sourcecode.swift; path = WeatherListViewController.swift; sourceTree = "<group>"; };
		44BF10531EF5CF950034B83B /* WeatherСhartViewСontroller.swift */ = {isa = PBXFileReference; fileEncoding = 4; lastKnownFileType = sourcecode.swift; path = "WeatherСhartViewСontroller.swift"; sourceTree = "<group>"; };
		44BF10551EF5D10D0034B83B /* PageTabBarController.swift */ = {isa = PBXFileReference; fileEncoding = 4; lastKnownFileType = sourcecode.swift; name = PageTabBarController.swift; path = WeatherStatistics/Resources/PageTabBarController.swift; sourceTree = SOURCE_ROOT; };
		44BF10581EF653840034B83B /* MonthCell.swift */ = {isa = PBXFileReference; fileEncoding = 4; lastKnownFileType = sourcecode.swift; path = MonthCell.swift; sourceTree = "<group>"; };
		44BF10591EF653840034B83B /* MonthCell.xib */ = {isa = PBXFileReference; fileEncoding = 4; lastKnownFileType = file.xib; path = MonthCell.xib; sourceTree = "<group>"; };
		44BF105B1EF653840034B83B /* YearHeaderView.swift */ = {isa = PBXFileReference; fileEncoding = 4; lastKnownFileType = sourcecode.swift; path = YearHeaderView.swift; sourceTree = "<group>"; };
		44BF105C1EF653840034B83B /* YearHeaderView.xib */ = {isa = PBXFileReference; fileEncoding = 4; lastKnownFileType = file.xib; path = YearHeaderView.xib; sourceTree = "<group>"; };
		44BF10611EF660C70034B83B /* Arifmetic.swift */ = {isa = PBXFileReference; fileEncoding = 4; lastKnownFileType = sourcecode.swift; path = Arifmetic.swift; sourceTree = "<group>"; };
		44BF10651EF697020034B83B /* TMaxChartViewController.swift */ = {isa = PBXFileReference; fileEncoding = 4; lastKnownFileType = sourcecode.swift; path = TMaxChartViewController.swift; sourceTree = "<group>"; };
		44BF10681EF7071F0034B83B /* TMinChartViewController.swift */ = {isa = PBXFileReference; fileEncoding = 4; lastKnownFileType = sourcecode.swift; path = TMinChartViewController.swift; sourceTree = "<group>"; };
		44BF106C1EF79E600034B83B /* RainMMCHartViewController.swift */ = {isa = PBXFileReference; fileEncoding = 4; lastKnownFileType = sourcecode.swift; path = RainMMCHartViewController.swift; sourceTree = "<group>"; };
		44CB23661EF084B500B0B0B0 /* WeatherStatistics.app */ = {isa = PBXFileReference; explicitFileType = wrapper.application; includeInIndex = 0; path = WeatherStatistics.app; sourceTree = BUILT_PRODUCTS_DIR; };
		44CB237F1EF0850D00B0B0B0 /* AppDelegate.swift */ = {isa = PBXFileReference; fileEncoding = 4; lastKnownFileType = sourcecode.swift; path = AppDelegate.swift; sourceTree = "<group>"; };
		44CB23801EF0850D00B0B0B0 /* Assets.xcassets */ = {isa = PBXFileReference; lastKnownFileType = folder.assetcatalog; path = Assets.xcassets; sourceTree = "<group>"; };
		44CB23821EF0850D00B0B0B0 /* Base */ = {isa = PBXFileReference; lastKnownFileType = file.storyboard; name = Base; path = Base.lproj/LaunchScreen.storyboard; sourceTree = "<group>"; };
		44CB23841EF0850D00B0B0B0 /* Base */ = {isa = PBXFileReference; lastKnownFileType = file.storyboard; name = Base; path = Base.lproj/Main.storyboard; sourceTree = "<group>"; };
		44CB23851EF0850D00B0B0B0 /* Info.plist */ = {isa = PBXFileReference; fileEncoding = 4; lastKnownFileType = text.plist.xml; path = Info.plist; sourceTree = "<group>"; };
		44CB23871EF0850D00B0B0B0 /* WeatherStatistics.xcdatamodel */ = {isa = PBXFileReference; lastKnownFileType = wrapper.xcdatamodel; path = WeatherStatistics.xcdatamodel; sourceTree = "<group>"; };
		44CB23971EF0886800B0B0B0 /* MeteorologicalStationList.plist */ = {isa = PBXFileReference; fileEncoding = 4; lastKnownFileType = text.plist.xml; path = MeteorologicalStationList.plist; sourceTree = "<group>"; };
		44CB23A11EF08A8600B0B0B0 /* CitySourceData.swift */ = {isa = PBXFileReference; fileEncoding = 4; lastKnownFileType = sourcecode.swift; path = CitySourceData.swift; sourceTree = "<group>"; };
		44CB23A61EF1CC0600B0B0B0 /* DataParser.swift */ = {isa = PBXFileReference; fileEncoding = 4; lastKnownFileType = sourcecode.swift; path = DataParser.swift; sourceTree = "<group>"; };
		44CB23A81EF1D28700B0B0B0 /* Constanst.swift */ = {isa = PBXFileReference; fileEncoding = 4; lastKnownFileType = sourcecode.swift; path = Constanst.swift; sourceTree = "<group>"; };
		44CB23B41EF1DE7700B0B0B0 /* Converter.swift */ = {isa = PBXFileReference; fileEncoding = 4; lastKnownFileType = sourcecode.swift; path = Converter.swift; sourceTree = "<group>"; };
		44CB23B61EF1DE7700B0B0B0 /* CheckBox.swift */ = {isa = PBXFileReference; fileEncoding = 4; lastKnownFileType = sourcecode.swift; path = CheckBox.swift; sourceTree = "<group>"; };
		44CB23B91EF1DE7700B0B0B0 /* LGHorizontalLinearFlowLayout.swift */ = {isa = PBXFileReference; fileEncoding = 4; lastKnownFileType = sourcecode.swift; path = LGHorizontalLinearFlowLayout.swift; sourceTree = "<group>"; };
		44CB23BB1EF1DE7700B0B0B0 /* CreditProgressView.swift */ = {isa = PBXFileReference; fileEncoding = 4; lastKnownFileType = sourcecode.swift; path = CreditProgressView.swift; sourceTree = "<group>"; };
		44CB23BC1EF1DE7700B0B0B0 /* CreditProgressView.xib */ = {isa = PBXFileReference; fileEncoding = 4; lastKnownFileType = file.xib; path = CreditProgressView.xib; sourceTree = "<group>"; };
		44CB23BF1EF1DE7700B0B0B0 /* FlipApperdAnimationController.swift */ = {isa = PBXFileReference; fileEncoding = 4; lastKnownFileType = sourcecode.swift; path = FlipApperdAnimationController.swift; sourceTree = "<group>"; };
		44CB23C01EF1DE7700B0B0B0 /* FlipDismissAnimationControllerViewController.swift */ = {isa = PBXFileReference; fileEncoding = 4; lastKnownFileType = sourcecode.swift; path = FlipDismissAnimationControllerViewController.swift; sourceTree = "<group>"; };
		44CB23C11EF1DE7700B0B0B0 /* FlipTransitionDelegate.swift */ = {isa = PBXFileReference; fileEncoding = 4; lastKnownFileType = sourcecode.swift; path = FlipTransitionDelegate.swift; sourceTree = "<group>"; };
		44CB23C21EF1DE7700B0B0B0 /* SwipeInteractionController.swift */ = {isa = PBXFileReference; fileEncoding = 4; lastKnownFileType = sourcecode.swift; path = SwipeInteractionController.swift; sourceTree = "<group>"; };
		44CB23C41EF1DE7700B0B0B0 /* SlideInPresentationAnimator.swift */ = {isa = PBXFileReference; fileEncoding = 4; lastKnownFileType = sourcecode.swift; path = SlideInPresentationAnimator.swift; sourceTree = "<group>"; };
		44CB23C51EF1DE7700B0B0B0 /* SlideInPresentationController.swift */ = {isa = PBXFileReference; fileEncoding = 4; lastKnownFileType = sourcecode.swift; path = SlideInPresentationController.swift; sourceTree = "<group>"; };
		44CB23C61EF1DE7700B0B0B0 /* SlideInPresentationManager.swift */ = {isa = PBXFileReference; fileEncoding = 4; lastKnownFileType = sourcecode.swift; path = SlideInPresentationManager.swift; sourceTree = "<group>"; };
		44CB23C71EF1DE7700B0B0B0 /* SlideOutAnimationController.swift */ = {isa = PBXFileReference; fileEncoding = 4; lastKnownFileType = sourcecode.swift; path = SlideOutAnimationController.swift; sourceTree = "<group>"; };
		44CB23C81EF1DE7700B0B0B0 /* TrancitionViewController.swift */ = {isa = PBXFileReference; fileEncoding = 4; lastKnownFileType = sourcecode.swift; path = TrancitionViewController.swift; sourceTree = "<group>"; };
		44CB23CA1EF1DE7700B0B0B0 /* CustomPlayer.swift */ = {isa = PBXFileReference; fileEncoding = 4; lastKnownFileType = sourcecode.swift; path = CustomPlayer.swift; sourceTree = "<group>"; };
		44CB23CB1EF1DE7700B0B0B0 /* CustomPlayer.xib */ = {isa = PBXFileReference; fileEncoding = 4; lastKnownFileType = file.xib; path = CustomPlayer.xib; sourceTree = "<group>"; };
		44CB23CC1EF1DE7700B0B0B0 /* DesignableUITextField.swift */ = {isa = PBXFileReference; fileEncoding = 4; lastKnownFileType = sourcecode.swift; path = DesignableUITextField.swift; sourceTree = "<group>"; };
		44CB23DA1EF1DE7700B0B0B0 /* EdgeShadowLayer.swift */ = {isa = PBXFileReference; fileEncoding = 4; lastKnownFileType = sourcecode.swift; path = EdgeShadowLayer.swift; sourceTree = "<group>"; };
		44CB23DB1EF1DE7700B0B0B0 /* ExpandButton.swift */ = {isa = PBXFileReference; fileEncoding = 4; lastKnownFileType = sourcecode.swift; path = ExpandButton.swift; sourceTree = "<group>"; };
		44CB23DE1EF1DE7700B0B0B0 /* ANSLoadingView.h */ = {isa = PBXFileReference; fileEncoding = 4; lastKnownFileType = sourcecode.c.h; path = ANSLoadingView.h; sourceTree = "<group>"; };
		44CB23DF1EF1DE7700B0B0B0 /* ANSLoadingView.m */ = {isa = PBXFileReference; fileEncoding = 4; lastKnownFileType = sourcecode.c.objc; path = ANSLoadingView.m; sourceTree = "<group>"; };
		44CB23E01EF1DE7700B0B0B0 /* ANSLoadingView.xib */ = {isa = PBXFileReference; fileEncoding = 4; lastKnownFileType = file.xib; path = ANSLoadingView.xib; sourceTree = "<group>"; };
		44CB23E21EF1DE7700B0B0B0 /* ANSRootView.h */ = {isa = PBXFileReference; fileEncoding = 4; lastKnownFileType = sourcecode.c.h; path = ANSRootView.h; sourceTree = "<group>"; };
		44CB23E31EF1DE7700B0B0B0 /* ANSRootView.m */ = {isa = PBXFileReference; fileEncoding = 4; lastKnownFileType = sourcecode.c.objc; path = ANSRootView.m; sourceTree = "<group>"; };
		44CB23E51EF1DE7700B0B0B0 /* NavBar.swift */ = {isa = PBXFileReference; fileEncoding = 4; lastKnownFileType = sourcecode.swift; path = NavBar.swift; sourceTree = "<group>"; };
		44CB23E61EF1DE7700B0B0B0 /* NavBar.xib */ = {isa = PBXFileReference; fileEncoding = 4; lastKnownFileType = file.xib; path = NavBar.xib; sourceTree = "<group>"; };
		44CB23E91EF1DE7700B0B0B0 /* LeftArrowButton.swift */ = {isa = PBXFileReference; fileEncoding = 4; lastKnownFileType = sourcecode.swift; path = LeftArrowButton.swift; sourceTree = "<group>"; };
		44CB23EB1EF1DE7700B0B0B0 /* RightArrowButton.swift */ = {isa = PBXFileReference; fileEncoding = 4; lastKnownFileType = sourcecode.swift; path = RightArrowButton.swift; sourceTree = "<group>"; };
		44CB23ED1EF1DE7700B0B0B0 /* UpDownButton.swift */ = {isa = PBXFileReference; fileEncoding = 4; lastKnownFileType = sourcecode.swift; path = UpDownButton.swift; sourceTree = "<group>"; };
		44CB23EF1EF1DE7700B0B0B0 /* PaginatorView.swift */ = {isa = PBXFileReference; fileEncoding = 4; lastKnownFileType = sourcecode.swift; path = PaginatorView.swift; sourceTree = "<group>"; };
		44CB23F01EF1DE7700B0B0B0 /* PaginatorView.xib */ = {isa = PBXFileReference; fileEncoding = 4; lastKnownFileType = file.xib; path = PaginatorView.xib; sourceTree = "<group>"; };
		44CB23F21EF1DE7700B0B0B0 /* RadioButton.swift */ = {isa = PBXFileReference; fileEncoding = 4; lastKnownFileType = sourcecode.swift; path = RadioButton.swift; sourceTree = "<group>"; };
		44CB23F31EF1DE7700B0B0B0 /* RadioButton.xib */ = {isa = PBXFileReference; fileEncoding = 4; lastKnownFileType = file.xib; path = RadioButton.xib; sourceTree = "<group>"; };
		44CB23F41EF1DE7700B0B0B0 /* RadioButton.xib */ = {isa = PBXFileReference; fileEncoding = 4; lastKnownFileType = file.xib; path = RadioButton.xib; sourceTree = "<group>"; };
		44CB23F91EF1DE7700B0B0B0 /* Roboto-Black.ttf */ = {isa = PBXFileReference; lastKnownFileType = file; path = "Roboto-Black.ttf"; sourceTree = "<group>"; };
		44CB23FA1EF1DE7700B0B0B0 /* Roboto-BlackItalic.ttf */ = {isa = PBXFileReference; lastKnownFileType = file; path = "Roboto-BlackItalic.ttf"; sourceTree = "<group>"; };
		44CB23FB1EF1DE7700B0B0B0 /* Roboto-Bold.ttf */ = {isa = PBXFileReference; lastKnownFileType = file; path = "Roboto-Bold.ttf"; sourceTree = "<group>"; };
		44CB23FC1EF1DE7700B0B0B0 /* Roboto-BoldItalic.ttf */ = {isa = PBXFileReference; lastKnownFileType = file; path = "Roboto-BoldItalic.ttf"; sourceTree = "<group>"; };
		44CB23FD1EF1DE7700B0B0B0 /* Roboto-Italic.ttf */ = {isa = PBXFileReference; lastKnownFileType = file; path = "Roboto-Italic.ttf"; sourceTree = "<group>"; };
		44CB23FE1EF1DE7700B0B0B0 /* Roboto-Light.ttf */ = {isa = PBXFileReference; lastKnownFileType = file; path = "Roboto-Light.ttf"; sourceTree = "<group>"; };
		44CB23FF1EF1DE7700B0B0B0 /* Roboto-LightItalic.ttf */ = {isa = PBXFileReference; lastKnownFileType = file; path = "Roboto-LightItalic.ttf"; sourceTree = "<group>"; };
		44CB24001EF1DE7700B0B0B0 /* Roboto-Medium.ttf */ = {isa = PBXFileReference; lastKnownFileType = file; path = "Roboto-Medium.ttf"; sourceTree = "<group>"; };
		44CB24011EF1DE7700B0B0B0 /* Roboto-MediumItalic.ttf */ = {isa = PBXFileReference; lastKnownFileType = file; path = "Roboto-MediumItalic.ttf"; sourceTree = "<group>"; };
		44CB24021EF1DE7700B0B0B0 /* Roboto-Regular.ttf */ = {isa = PBXFileReference; lastKnownFileType = file; path = "Roboto-Regular.ttf"; sourceTree = "<group>"; };
		44CB24031EF1DE7700B0B0B0 /* Roboto-Thin.ttf */ = {isa = PBXFileReference; lastKnownFileType = file; path = "Roboto-Thin.ttf"; sourceTree = "<group>"; };
		44CB24041EF1DE7700B0B0B0 /* Roboto-ThinItalic.ttf */ = {isa = PBXFileReference; lastKnownFileType = file; path = "Roboto-ThinItalic.ttf"; sourceTree = "<group>"; };
		44CB24051EF1DE7700B0B0B0 /* RobotoCondensed-Bold.ttf */ = {isa = PBXFileReference; lastKnownFileType = file; path = "RobotoCondensed-Bold.ttf"; sourceTree = "<group>"; };
		44CB24061EF1DE7700B0B0B0 /* RobotoCondensed-BoldItalic.ttf */ = {isa = PBXFileReference; lastKnownFileType = file; path = "RobotoCondensed-BoldItalic.ttf"; sourceTree = "<group>"; };
		44CB24071EF1DE7700B0B0B0 /* RobotoCondensed-Italic.ttf */ = {isa = PBXFileReference; lastKnownFileType = file; path = "RobotoCondensed-Italic.ttf"; sourceTree = "<group>"; };
		44CB24081EF1DE7700B0B0B0 /* RobotoCondensed-Light.ttf */ = {isa = PBXFileReference; lastKnownFileType = file; path = "RobotoCondensed-Light.ttf"; sourceTree = "<group>"; };
		44CB24091EF1DE7700B0B0B0 /* RobotoCondensed-LightItalic.ttf */ = {isa = PBXFileReference; lastKnownFileType = file; path = "RobotoCondensed-LightItalic.ttf"; sourceTree = "<group>"; };
		44CB240A1EF1DE7700B0B0B0 /* RobotoCondensed-Regular.ttf */ = {isa = PBXFileReference; lastKnownFileType = file; path = "RobotoCondensed-Regular.ttf"; sourceTree = "<group>"; };
		44CB240C1EF1DE7700B0B0B0 /* HeaderView.swift */ = {isa = PBXFileReference; fileEncoding = 4; lastKnownFileType = sourcecode.swift; path = HeaderView.swift; sourceTree = "<group>"; };
		44CB240D1EF1DE7700B0B0B0 /* HeaderView.xib */ = {isa = PBXFileReference; fileEncoding = 4; lastKnownFileType = file.xib; path = HeaderView.xib; sourceTree = "<group>"; };
		44CB240E1EF1DE7700B0B0B0 /* VisibleButton.swift */ = {isa = PBXFileReference; fileEncoding = 4; lastKnownFileType = sourcecode.swift; path = VisibleButton.swift; sourceTree = "<group>"; };
		44CB24101EF1DE7700B0B0B0 /* Array + Extension.swift */ = {isa = PBXFileReference; fileEncoding = 4; lastKnownFileType = sourcecode.swift; path = "Array + Extension.swift"; sourceTree = "<group>"; };
		44CB24111EF1DE7700B0B0B0 /* Date + Extension.swift */ = {isa = PBXFileReference; fileEncoding = 4; lastKnownFileType = sourcecode.swift; path = "Date + Extension.swift"; sourceTree = "<group>"; };
		44CB24121EF1DE7700B0B0B0 /* DesignExtensions.swift */ = {isa = PBXFileReference; fileEncoding = 4; lastKnownFileType = sourcecode.swift; path = DesignExtensions.swift; sourceTree = "<group>"; };
		44CB24131EF1DE7700B0B0B0 /* Dictionary + Extension.swift */ = {isa = PBXFileReference; fileEncoding = 4; lastKnownFileType = sourcecode.swift; path = "Dictionary + Extension.swift"; sourceTree = "<group>"; };
		44CB24141EF1DE7700B0B0B0 /* FileManager + Extension.swift */ = {isa = PBXFileReference; fileEncoding = 4; lastKnownFileType = sourcecode.swift; path = "FileManager + Extension.swift"; sourceTree = "<group>"; };
		44CB24161EF1DE7700B0B0B0 /* NSBundle+ANSExtenison.h */ = {isa = PBXFileReference; fileEncoding = 4; lastKnownFileType = sourcecode.c.h; path = "NSBundle+ANSExtenison.h"; sourceTree = "<group>"; };
		44CB24171EF1DE7700B0B0B0 /* NSBundle+ANSExtenison.m */ = {isa = PBXFileReference; fileEncoding = 4; lastKnownFileType = sourcecode.c.objc; path = "NSBundle+ANSExtenison.m"; sourceTree = "<group>"; };
		44CB24181EF1DE7700B0B0B0 /* String + Extension.swift */ = {isa = PBXFileReference; fileEncoding = 4; lastKnownFileType = sourcecode.swift; path = "String + Extension.swift"; sourceTree = "<group>"; };
		44CB24191EF1DE7700B0B0B0 /* String + ParameterEncoding.swift */ = {isa = PBXFileReference; fileEncoding = 4; lastKnownFileType = sourcecode.swift; path = "String + ParameterEncoding.swift"; sourceTree = "<group>"; };
		44CB241A1EF1DE7700B0B0B0 /* String + Сurrency.swift */ = {isa = PBXFileReference; fileEncoding = 4; lastKnownFileType = sourcecode.swift; path = "String + Сurrency.swift"; sourceTree = "<group>"; };
		44CB241B1EF1DE7700B0B0B0 /* UIAllertViewController + Extension.swift */ = {isa = PBXFileReference; fileEncoding = 4; lastKnownFileType = sourcecode.swift; path = "UIAllertViewController + Extension.swift"; sourceTree = "<group>"; };
		44CB241C1EF1DE7700B0B0B0 /* UICollectionView + Extension.swift */ = {isa = PBXFileReference; fileEncoding = 4; lastKnownFileType = sourcecode.swift; path = "UICollectionView + Extension.swift"; sourceTree = "<group>"; };
		44CB241D1EF1DE7700B0B0B0 /* UIColor + Extension.swift */ = {isa = PBXFileReference; fileEncoding = 4; lastKnownFileType = sourcecode.swift; path = "UIColor + Extension.swift"; sourceTree = "<group>"; };
		44CB24231EF1DE7700B0B0B0 /* UIImage + Extension.swift */ = {isa = PBXFileReference; fileEncoding = 4; lastKnownFileType = sourcecode.swift; path = "UIImage + Extension.swift"; sourceTree = "<group>"; };
		44CB24241EF1DE7700B0B0B0 /* UINib + Extension.swift */ = {isa = PBXFileReference; fileEncoding = 4; lastKnownFileType = sourcecode.swift; path = "UINib + Extension.swift"; sourceTree = "<group>"; };
		44CB24251EF1DE7700B0B0B0 /* UIStoryboard + Extension.swift */ = {isa = PBXFileReference; fileEncoding = 4; lastKnownFileType = sourcecode.swift; path = "UIStoryboard + Extension.swift"; sourceTree = "<group>"; };
		44CB24261EF1DE7700B0B0B0 /* UITableView + ChangeModel.swift */ = {isa = PBXFileReference; fileEncoding = 4; lastKnownFileType = sourcecode.swift; path = "UITableView + ChangeModel.swift"; sourceTree = "<group>"; };
		44CB24271EF1DE7700B0B0B0 /* UITableView + Extension.swift */ = {isa = PBXFileReference; fileEncoding = 4; lastKnownFileType = sourcecode.swift; path = "UITableView + Extension.swift"; sourceTree = "<group>"; };
		44CB24281EF1DE7700B0B0B0 /* UITableView + LongPressMoveRow.swift */ = {isa = PBXFileReference; fileEncoding = 4; lastKnownFileType = sourcecode.swift; path = "UITableView + LongPressMoveRow.swift"; sourceTree = "<group>"; };
		44CB24291EF1DE7700B0B0B0 /* UIView + Extension.swift */ = {isa = PBXFileReference; fileEncoding = 4; lastKnownFileType = sourcecode.swift; path = "UIView + Extension.swift"; sourceTree = "<group>"; };
		44CB242A1EF1DE7700B0B0B0 /* UIViewController + Allert.swift */ = {isa = PBXFileReference; fileEncoding = 4; lastKnownFileType = sourcecode.swift; path = "UIViewController + Allert.swift"; sourceTree = "<group>"; };
		44CB242B1EF1DE7700B0B0B0 /* UIViewController + Extension.swift */ = {isa = PBXFileReference; fileEncoding = 4; lastKnownFileType = sourcecode.swift; path = "UIViewController + Extension.swift"; sourceTree = "<group>"; };
		44CB242C1EF1DE7700B0B0B0 /* Locker.swift */ = {isa = PBXFileReference; fileEncoding = 4; lastKnownFileType = sourcecode.swift; path = Locker.swift; sourceTree = "<group>"; };
		44CB242E1EF1DE7700B0B0B0 /* ANSMacros.h */ = {isa = PBXFileReference; fileEncoding = 4; lastKnownFileType = sourcecode.c.h; path = ANSMacros.h; sourceTree = "<group>"; };
		44CB24301EF1DE7700B0B0B0 /* ImageLoader.swift */ = {isa = PBXFileReference; fileEncoding = 4; lastKnownFileType = sourcecode.swift; path = ImageLoader.swift; sourceTree = "<group>"; };
		44CB24311EF1DE7700B0B0B0 /* ObservableArray.swift */ = {isa = PBXFileReference; fileEncoding = 4; lastKnownFileType = sourcecode.swift; path = ObservableArray.swift; sourceTree = "<group>"; };
		44E53BF31EF48F3800CA6D09 /* WeatherStatistics.framework */ = {isa = PBXFileReference; explicitFileType = wrapper.framework; includeInIndex = 0; path = WeatherStatistics.framework; sourceTree = BUILT_PRODUCTS_DIR; };
		44E53BF51EF48F3800CA6D09 /* WeatherStatistics-IOS.h */ = {isa = PBXFileReference; lastKnownFileType = sourcecode.c.h; path = "WeatherStatistics-IOS.h"; sourceTree = "<group>"; };
		44E53BF61EF48F3800CA6D09 /* Info.plist */ = {isa = PBXFileReference; lastKnownFileType = text.plist.xml; path = Info.plist; sourceTree = "<group>"; };
		44E53C031EF4A6BF00CA6D09 /* City.swift */ = {isa = PBXFileReference; fileEncoding = 4; lastKnownFileType = sourcecode.swift; path = City.swift; sourceTree = "<group>"; };
		44E53C051EF4A7B600CA6D09 /* CityLocations.swift */ = {isa = PBXFileReference; fileEncoding = 4; lastKnownFileType = sourcecode.swift; path = CityLocations.swift; sourceTree = "<group>"; };
		86CA4CB28355EC0D44488073 /* Pods-WeatherStatistics.debug.xcconfig */ = {isa = PBXFileReference; includeInIndex = 1; lastKnownFileType = text.xcconfig; name = "Pods-WeatherStatistics.debug.xcconfig"; path = "Pods/Target Support Files/Pods-WeatherStatistics/Pods-WeatherStatistics.debug.xcconfig"; sourceTree = "<group>"; };
		9C7DF35C0828B4E7CE30DE2F /* Pods_WeatherStatisticTest.framework */ = {isa = PBXFileReference; explicitFileType = wrapper.framework; includeInIndex = 0; path = Pods_WeatherStatisticTest.framework; sourceTree = BUILT_PRODUCTS_DIR; };
		BAB6B0A9F0980237D085AC26 /* Pods-WeatherStatistics-IOS.debug.xcconfig */ = {isa = PBXFileReference; includeInIndex = 1; lastKnownFileType = text.xcconfig; name = "Pods-WeatherStatistics-IOS.debug.xcconfig"; path = "Pods/Target Support Files/Pods-WeatherStatistics-IOS/Pods-WeatherStatistics-IOS.debug.xcconfig"; sourceTree = "<group>"; };
		BBC68B06AEDD9F27FBCB004D /* Pods_WeatherStatistics_IOS.framework */ = {isa = PBXFileReference; explicitFileType = wrapper.framework; includeInIndex = 0; path = Pods_WeatherStatistics_IOS.framework; sourceTree = BUILT_PRODUCTS_DIR; };
		E9B0D63A075ADF65C4100BF3 /* Pods-WeatherStatisticTest.debug.xcconfig */ = {isa = PBXFileReference; includeInIndex = 1; lastKnownFileType = text.xcconfig; name = "Pods-WeatherStatisticTest.debug.xcconfig"; path = "Pods/Target Support Files/Pods-WeatherStatisticTest/Pods-WeatherStatisticTest.debug.xcconfig"; sourceTree = "<group>"; };
		F738F4DCFB9D5DD259E26A4D /* Pods-WeatherStatisticTest.release.xcconfig */ = {isa = PBXFileReference; includeInIndex = 1; lastKnownFileType = text.xcconfig; name = "Pods-WeatherStatisticTest.release.xcconfig"; path = "Pods/Target Support Files/Pods-WeatherStatisticTest/Pods-WeatherStatisticTest.release.xcconfig"; sourceTree = "<group>"; };
/* End PBXFileReference section */

/* Begin PBXFrameworksBuildPhase section */
		44CB23631EF084B500B0B0B0 /* Frameworks */ = {
			isa = PBXFrameworksBuildPhase;
			buildActionMask = 2147483647;
			files = (
				44E53BFA1EF48F3800CA6D09 /* WeatherStatistics.framework in Frameworks */,
				1B0F903EB308CF66A5AF846B /* Pods_WeatherStatistics.framework in Frameworks */,
			);
			runOnlyForDeploymentPostprocessing = 0;
		};
		44E53BEF1EF48F3800CA6D09 /* Frameworks */ = {
			isa = PBXFrameworksBuildPhase;
			buildActionMask = 2147483647;
			files = (
				4E1AB90189F9A44B8EB454FA /* Pods_WeatherStatistics_IOS.framework in Frameworks */,
			);
			runOnlyForDeploymentPostprocessing = 0;
		};
/* End PBXFrameworksBuildPhase section */

/* Begin PBXGroup section */
		44BF10361EF5CF3C0034B83B /* WeatherListViewController */ = {
			isa = PBXGroup;
			children = (
				44BF10511EF5CF720034B83B /* WeatherListViewController.swift */,
				44BF10571EF653840034B83B /* MonthCell */,
				44BF105A1EF653840034B83B /* YearHeaderView */,
			);
			path = WeatherListViewController;
			sourceTree = "<group>";
		};
		44BF103D1EF5CF3C0034B83B /* WeathrStatisticViewController */ = {
			isa = PBXGroup;
			children = (
				44BF103E1EF5CF3C0034B83B /* WeathrStatisticRootView.swift */,
				44BF10551EF5D10D0034B83B /* PageTabBarController.swift */,
				44BF103F1EF5CF3C0034B83B /* WeathrStatisticViewController.swift */,
			);
			path = WeathrStatisticViewController;
			sourceTree = "<group>";
		};
		44BF10401EF5CF3C0034B83B /* WeatherСhartViewСontroller */ = {
			isa = PBXGroup;
			children = (
				44BF10531EF5CF950034B83B /* WeatherСhartViewСontroller.swift */,
				44BF10651EF697020034B83B /* TMaxChartViewController.swift */,
				44BF10681EF7071F0034B83B /* TMinChartViewController.swift */,
				44BF106C1EF79E600034B83B /* RainMMCHartViewController.swift */,
			);
			name = "WeatherСhartViewСontroller";
			path = "WeathrСhartViewСontroller";
			sourceTree = "<group>";
		};
		44BF10471EF5CF590034B83B /* CitiesViewController */ = {
			isa = PBXGroup;
			children = (
				44BF10481EF5CF590034B83B /* CitiesViewController.swift */,
				44BF10491EF5CF590034B83B /* CitiesViewModel.swift */,
				44BF104A1EF5CF590034B83B /* CityCell */,
			);
			path = CitiesViewController;
			sourceTree = "<group>";
		};
		44BF104A1EF5CF590034B83B /* CityCell */ = {
			isa = PBXGroup;
			children = (
				44BF104B1EF5CF590034B83B /* CityCell.swift */,
				44BF104C1EF5CF590034B83B /* CityCell.xib */,
			);
			path = CityCell;
			sourceTree = "<group>";
		};
		44BF10571EF653840034B83B /* MonthCell */ = {
			isa = PBXGroup;
			children = (
				44BF10581EF653840034B83B /* MonthCell.swift */,
				44BF10591EF653840034B83B /* MonthCell.xib */,
			);
			path = MonthCell;
			sourceTree = "<group>";
		};
		44BF105A1EF653840034B83B /* YearHeaderView */ = {
			isa = PBXGroup;
			children = (
				44BF105B1EF653840034B83B /* YearHeaderView.swift */,
				44BF105C1EF653840034B83B /* YearHeaderView.xib */,
			);
			path = YearHeaderView;
			sourceTree = "<group>";
		};
		44CB235D1EF084B500B0B0B0 = {
			isa = PBXGroup;
			children = (
				44CB23681EF084B500B0B0B0 /* WeatherStatistics */,
				44E53BF41EF48F3800CA6D09 /* WeatherStatistics-IOS */,
				44CB23671EF084B500B0B0B0 /* Products */,
				91A12B24B0C422C072D63496 /* Pods */,
				9E22DB2D8F98074C038FB9E9 /* Frameworks */,
			);
			sourceTree = "<group>";
		};
		44CB23671EF084B500B0B0B0 /* Products */ = {
			isa = PBXGroup;
			children = (
				44CB23661EF084B500B0B0B0 /* WeatherStatistics.app */,
				44E53BF31EF48F3800CA6D09 /* WeatherStatistics.framework */,
			);
			name = Products;
			sourceTree = "<group>";
		};
		44CB23681EF084B500B0B0B0 /* WeatherStatistics */ = {
			isa = PBXGroup;
			children = (
				44CB23B31EF1DE7700B0B0B0 /* Library */,
				44CB23921EF085B300B0B0B0 /* ViewControllers */,
				44CB239E1EF08A6400B0B0B0 /* Models */,
				44CB23A31EF08B5200B0B0B0 /* Contexts */,
				44CB237E1EF0850D00B0B0B0 /* Resources */,
			);
			path = WeatherStatistics;
			sourceTree = "<group>";
		};
		44CB237E1EF0850D00B0B0B0 /* Resources */ = {
			isa = PBXGroup;
			children = (
				44BF10261EF5C34A0034B83B /* WeatherStatistics-Bridging-Header.h */,
				44CB23971EF0886800B0B0B0 /* MeteorologicalStationList.plist */,
				44CB237F1EF0850D00B0B0B0 /* AppDelegate.swift */,
				44CB23801EF0850D00B0B0B0 /* Assets.xcassets */,
				44CB23811EF0850D00B0B0B0 /* LaunchScreen.storyboard */,
				44CB23851EF0850D00B0B0B0 /* Info.plist */,
				44CB23861EF0850D00B0B0B0 /* WeatherStatistics.xcdatamodeld */,
			);
			path = Resources;
			sourceTree = "<group>";
		};
		44CB23921EF085B300B0B0B0 /* ViewControllers */ = {
			isa = PBXGroup;
			children = (
				44CB23831EF0850D00B0B0B0 /* Main.storyboard */,
				44BF10471EF5CF590034B83B /* CitiesViewController */,
				44BF103D1EF5CF3C0034B83B /* WeathrStatisticViewController */,
				44BF10361EF5CF3C0034B83B /* WeatherListViewController */,
				44BF10401EF5CF3C0034B83B /* WeatherСhartViewСontroller */,
			);
			path = ViewControllers;
			sourceTree = "<group>";
		};
		44CB239E1EF08A6400B0B0B0 /* Models */ = {
			isa = PBXGroup;
			children = (
				44CB23A11EF08A8600B0B0B0 /* CitySourceData.swift */,
				44E53C031EF4A6BF00CA6D09 /* City.swift */,
				44E53C051EF4A7B600CA6D09 /* CityLocations.swift */,
				44BF10061EF5A7E40034B83B /* YearStatistic.swift */,
				44BF10081EF5A80E0034B83B /* MonthStatistic.swift */,
			);
			path = Models;
			sourceTree = "<group>";
		};
		44CB23A31EF08B5200B0B0B0 /* Contexts */ = {
			isa = PBXGroup;
			children = (
				44CB23A61EF1CC0600B0B0B0 /* DataParser.swift */,
				44BF10291EF5CBAE0034B83B /* NetworkManager.swift */,
				44CB23A81EF1D28700B0B0B0 /* Constanst.swift */,
			);
			path = Contexts;
			sourceTree = "<group>";
		};
		44CB23B31EF1DE7700B0B0B0 /* Library */ = {
			isa = PBXGroup;
			children = (
				44CB23B41EF1DE7700B0B0B0 /* Converter.swift */,
				44BF10611EF660C70034B83B /* Arifmetic.swift */,
				44CB23B51EF1DE7700B0B0B0 /* CustomUI */,
				44CB240F1EF1DE7700B0B0B0 /* Extensions */,
				44CB242C1EF1DE7700B0B0B0 /* Locker.swift */,
				44CB242D1EF1DE7700B0B0B0 /* Macroses */,
				44CB242F1EF1DE7700B0B0B0 /* RxCustom */,
			);
			path = Library;
			sourceTree = "<group>";
		};
		44CB23B51EF1DE7700B0B0B0 /* CustomUI */ = {
			isa = PBXGroup;
			children = (
				44CB23B61EF1DE7700B0B0B0 /* CheckBox.swift */,
				44CB23B71EF1DE7700B0B0B0 /* CollectionViewLayout */,
				44CB23BA1EF1DE7700B0B0B0 /* CreditProgressView */,
				44CB23BD1EF1DE7700B0B0B0 /* CustomModalControllers */,
				44CB23C91EF1DE7700B0B0B0 /* CustomPlayer */,
				44CB23CC1EF1DE7700B0B0B0 /* DesignableUITextField.swift */,
				44CB23DA1EF1DE7700B0B0B0 /* EdgeShadowLayer.swift */,
				44CB23DB1EF1DE7700B0B0B0 /* ExpandButton.swift */,
				44CB23DC1EF1DE7700B0B0B0 /* LoadingView */,
				44CB23E41EF1DE7700B0B0B0 /* NavigationBar */,
				44CB23E71EF1DE7700B0B0B0 /* NavigationButtons */,
				44CB23EE1EF1DE7700B0B0B0 /* PaginatorView */,
				44CB23F11EF1DE7700B0B0B0 /* RadioButton */,
				44CB23F41EF1DE7700B0B0B0 /* RadioButton.xib */,
				44CB23F81EF1DE7700B0B0B0 /* Resources */,
				44CB240B1EF1DE7700B0B0B0 /* TableViewHeader */,
				44CB240E1EF1DE7700B0B0B0 /* VisibleButton.swift */,
			);
			path = CustomUI;
			sourceTree = "<group>";
		};
		44CB23B71EF1DE7700B0B0B0 /* CollectionViewLayout */ = {
			isa = PBXGroup;
			children = (
				44CB23B81EF1DE7700B0B0B0 /* LGHorizontalLinearFlowLayout */,
			);
			path = CollectionViewLayout;
			sourceTree = "<group>";
		};
		44CB23B81EF1DE7700B0B0B0 /* LGHorizontalLinearFlowLayout */ = {
			isa = PBXGroup;
			children = (
				44CB23B91EF1DE7700B0B0B0 /* LGHorizontalLinearFlowLayout.swift */,
			);
			path = LGHorizontalLinearFlowLayout;
			sourceTree = "<group>";
		};
		44CB23BA1EF1DE7700B0B0B0 /* CreditProgressView */ = {
			isa = PBXGroup;
			children = (
				44CB23BB1EF1DE7700B0B0B0 /* CreditProgressView.swift */,
				44CB23BC1EF1DE7700B0B0B0 /* CreditProgressView.xib */,
			);
			path = CreditProgressView;
			sourceTree = "<group>";
		};
		44CB23BD1EF1DE7700B0B0B0 /* CustomModalControllers */ = {
			isa = PBXGroup;
			children = (
				44CB23BE1EF1DE7700B0B0B0 /* FlipAnimationController */,
				44CB23C31EF1DE7700B0B0B0 /* SlideInPresentationController */,
				44CB23C81EF1DE7700B0B0B0 /* TrancitionViewController.swift */,
			);
			path = CustomModalControllers;
			sourceTree = "<group>";
		};
		44CB23BE1EF1DE7700B0B0B0 /* FlipAnimationController */ = {
			isa = PBXGroup;
			children = (
				44CB23BF1EF1DE7700B0B0B0 /* FlipApperdAnimationController.swift */,
				44CB23C01EF1DE7700B0B0B0 /* FlipDismissAnimationControllerViewController.swift */,
				44CB23C11EF1DE7700B0B0B0 /* FlipTransitionDelegate.swift */,
				44CB23C21EF1DE7700B0B0B0 /* SwipeInteractionController.swift */,
			);
			path = FlipAnimationController;
			sourceTree = "<group>";
		};
		44CB23C31EF1DE7700B0B0B0 /* SlideInPresentationController */ = {
			isa = PBXGroup;
			children = (
				44CB23C41EF1DE7700B0B0B0 /* SlideInPresentationAnimator.swift */,
				44CB23C51EF1DE7700B0B0B0 /* SlideInPresentationController.swift */,
				44CB23C61EF1DE7700B0B0B0 /* SlideInPresentationManager.swift */,
				44CB23C71EF1DE7700B0B0B0 /* SlideOutAnimationController.swift */,
			);
			path = SlideInPresentationController;
			sourceTree = "<group>";
		};
		44CB23C91EF1DE7700B0B0B0 /* CustomPlayer */ = {
			isa = PBXGroup;
			children = (
				44CB23CA1EF1DE7700B0B0B0 /* CustomPlayer.swift */,
				44CB23CB1EF1DE7700B0B0B0 /* CustomPlayer.xib */,
			);
			path = CustomPlayer;
			sourceTree = "<group>";
		};
		44CB23DC1EF1DE7700B0B0B0 /* LoadingView */ = {
			isa = PBXGroup;
			children = (
				44CB23DD1EF1DE7700B0B0B0 /* ANSLoadingView */,
				44CB23E11EF1DE7700B0B0B0 /* ASNRootView */,
			);
			path = LoadingView;
			sourceTree = "<group>";
		};
		44CB23DD1EF1DE7700B0B0B0 /* ANSLoadingView */ = {
			isa = PBXGroup;
			children = (
				44CB23DE1EF1DE7700B0B0B0 /* ANSLoadingView.h */,
				44CB23DF1EF1DE7700B0B0B0 /* ANSLoadingView.m */,
				44CB23E01EF1DE7700B0B0B0 /* ANSLoadingView.xib */,
			);
			path = ANSLoadingView;
			sourceTree = "<group>";
		};
		44CB23E11EF1DE7700B0B0B0 /* ASNRootView */ = {
			isa = PBXGroup;
			children = (
				44CB23E21EF1DE7700B0B0B0 /* ANSRootView.h */,
				44CB23E31EF1DE7700B0B0B0 /* ANSRootView.m */,
			);
			path = ASNRootView;
			sourceTree = "<group>";
		};
		44CB23E41EF1DE7700B0B0B0 /* NavigationBar */ = {
			isa = PBXGroup;
			children = (
				44CB23E51EF1DE7700B0B0B0 /* NavBar.swift */,
				44CB23E61EF1DE7700B0B0B0 /* NavBar.xib */,
			);
			path = NavigationBar;
			sourceTree = "<group>";
		};
		44CB23E71EF1DE7700B0B0B0 /* NavigationButtons */ = {
			isa = PBXGroup;
			children = (
				44CB23E81EF1DE7700B0B0B0 /* LeftArrowButton */,
				44CB23EA1EF1DE7700B0B0B0 /* RightArrowButton */,
				44CB23EC1EF1DE7700B0B0B0 /* UpDownButton */,
			);
			path = NavigationButtons;
			sourceTree = "<group>";
		};
		44CB23E81EF1DE7700B0B0B0 /* LeftArrowButton */ = {
			isa = PBXGroup;
			children = (
				44CB23E91EF1DE7700B0B0B0 /* LeftArrowButton.swift */,
			);
			path = LeftArrowButton;
			sourceTree = "<group>";
		};
		44CB23EA1EF1DE7700B0B0B0 /* RightArrowButton */ = {
			isa = PBXGroup;
			children = (
				44CB23EB1EF1DE7700B0B0B0 /* RightArrowButton.swift */,
			);
			path = RightArrowButton;
			sourceTree = "<group>";
		};
		44CB23EC1EF1DE7700B0B0B0 /* UpDownButton */ = {
			isa = PBXGroup;
			children = (
				44CB23ED1EF1DE7700B0B0B0 /* UpDownButton.swift */,
			);
			path = UpDownButton;
			sourceTree = "<group>";
		};
		44CB23EE1EF1DE7700B0B0B0 /* PaginatorView */ = {
			isa = PBXGroup;
			children = (
				44CB23EF1EF1DE7700B0B0B0 /* PaginatorView.swift */,
				44CB23F01EF1DE7700B0B0B0 /* PaginatorView.xib */,
			);
			path = PaginatorView;
			sourceTree = "<group>";
		};
		44CB23F11EF1DE7700B0B0B0 /* RadioButton */ = {
			isa = PBXGroup;
			children = (
				44CB23F21EF1DE7700B0B0B0 /* RadioButton.swift */,
				44CB23F31EF1DE7700B0B0B0 /* RadioButton.xib */,
			);
			path = RadioButton;
			sourceTree = "<group>";
		};
		44CB23F81EF1DE7700B0B0B0 /* Resources */ = {
			isa = PBXGroup;
			children = (
				44CB23F91EF1DE7700B0B0B0 /* Roboto-Black.ttf */,
				44CB23FA1EF1DE7700B0B0B0 /* Roboto-BlackItalic.ttf */,
				44CB23FB1EF1DE7700B0B0B0 /* Roboto-Bold.ttf */,
				44CB23FC1EF1DE7700B0B0B0 /* Roboto-BoldItalic.ttf */,
				44CB23FD1EF1DE7700B0B0B0 /* Roboto-Italic.ttf */,
				44CB23FE1EF1DE7700B0B0B0 /* Roboto-Light.ttf */,
				44CB23FF1EF1DE7700B0B0B0 /* Roboto-LightItalic.ttf */,
				44CB24001EF1DE7700B0B0B0 /* Roboto-Medium.ttf */,
				44CB24011EF1DE7700B0B0B0 /* Roboto-MediumItalic.ttf */,
				44CB24021EF1DE7700B0B0B0 /* Roboto-Regular.ttf */,
				44CB24031EF1DE7700B0B0B0 /* Roboto-Thin.ttf */,
				44CB24041EF1DE7700B0B0B0 /* Roboto-ThinItalic.ttf */,
				44CB24051EF1DE7700B0B0B0 /* RobotoCondensed-Bold.ttf */,
				44CB24061EF1DE7700B0B0B0 /* RobotoCondensed-BoldItalic.ttf */,
				44CB24071EF1DE7700B0B0B0 /* RobotoCondensed-Italic.ttf */,
				44CB24081EF1DE7700B0B0B0 /* RobotoCondensed-Light.ttf */,
				44CB24091EF1DE7700B0B0B0 /* RobotoCondensed-LightItalic.ttf */,
				44CB240A1EF1DE7700B0B0B0 /* RobotoCondensed-Regular.ttf */,
			);
			path = Resources;
			sourceTree = "<group>";
		};
		44CB240B1EF1DE7700B0B0B0 /* TableViewHeader */ = {
			isa = PBXGroup;
			children = (
				44CB240C1EF1DE7700B0B0B0 /* HeaderView.swift */,
				44CB240D1EF1DE7700B0B0B0 /* HeaderView.xib */,
			);
			path = TableViewHeader;
			sourceTree = "<group>";
		};
		44CB240F1EF1DE7700B0B0B0 /* Extensions */ = {
			isa = PBXGroup;
			children = (
				44CB24101EF1DE7700B0B0B0 /* Array + Extension.swift */,
				44CB24111EF1DE7700B0B0B0 /* Date + Extension.swift */,
				44CB24121EF1DE7700B0B0B0 /* DesignExtensions.swift */,
				44CB24131EF1DE7700B0B0B0 /* Dictionary + Extension.swift */,
				44CB24141EF1DE7700B0B0B0 /* FileManager + Extension.swift */,
				44CB24151EF1DE7700B0B0B0 /* NSBundle copy */,
				44CB24181EF1DE7700B0B0B0 /* String + Extension.swift */,
				44CB24191EF1DE7700B0B0B0 /* String + ParameterEncoding.swift */,
				44CB241A1EF1DE7700B0B0B0 /* String + Сurrency.swift */,
				44CB241B1EF1DE7700B0B0B0 /* UIAllertViewController + Extension.swift */,
				44CB241C1EF1DE7700B0B0B0 /* UICollectionView + Extension.swift */,
				44CB241D1EF1DE7700B0B0B0 /* UIColor + Extension.swift */,
				44CB24231EF1DE7700B0B0B0 /* UIImage + Extension.swift */,
				44CB24241EF1DE7700B0B0B0 /* UINib + Extension.swift */,
				44CB24251EF1DE7700B0B0B0 /* UIStoryboard + Extension.swift */,
				44CB24261EF1DE7700B0B0B0 /* UITableView + ChangeModel.swift */,
				44CB24271EF1DE7700B0B0B0 /* UITableView + Extension.swift */,
				44CB24281EF1DE7700B0B0B0 /* UITableView + LongPressMoveRow.swift */,
				44CB24291EF1DE7700B0B0B0 /* UIView + Extension.swift */,
				44CB242A1EF1DE7700B0B0B0 /* UIViewController + Allert.swift */,
				44CB242B1EF1DE7700B0B0B0 /* UIViewController + Extension.swift */,
			);
			path = Extensions;
			sourceTree = "<group>";
		};
		44CB24151EF1DE7700B0B0B0 /* NSBundle copy */ = {
			isa = PBXGroup;
			children = (
				44CB24161EF1DE7700B0B0B0 /* NSBundle+ANSExtenison.h */,
				44CB24171EF1DE7700B0B0B0 /* NSBundle+ANSExtenison.m */,
			);
			path = "NSBundle copy";
			sourceTree = "<group>";
		};
		44CB242D1EF1DE7700B0B0B0 /* Macroses */ = {
			isa = PBXGroup;
			children = (
				44CB242E1EF1DE7700B0B0B0 /* ANSMacros.h */,
			);
			path = Macroses;
			sourceTree = "<group>";
		};
		44CB242F1EF1DE7700B0B0B0 /* RxCustom */ = {
			isa = PBXGroup;
			children = (
				44CB24301EF1DE7700B0B0B0 /* ImageLoader.swift */,
				44CB24311EF1DE7700B0B0B0 /* ObservableArray.swift */,
			);
			path = RxCustom;
			sourceTree = "<group>";
		};
		44E53BF41EF48F3800CA6D09 /* WeatherStatistics-IOS */ = {
			isa = PBXGroup;
			children = (
				44E53BF51EF48F3800CA6D09 /* WeatherStatistics-IOS.h */,
				44E53BF61EF48F3800CA6D09 /* Info.plist */,
			);
			path = "WeatherStatistics-IOS";
			sourceTree = "<group>";
		};
		91A12B24B0C422C072D63496 /* Pods */ = {
			isa = PBXGroup;
			children = (
				86CA4CB28355EC0D44488073 /* Pods-WeatherStatistics.debug.xcconfig */,
				1C6B7CE364D100F6C3E87174 /* Pods-WeatherStatistics.release.xcconfig */,
				E9B0D63A075ADF65C4100BF3 /* Pods-WeatherStatisticTest.debug.xcconfig */,
				F738F4DCFB9D5DD259E26A4D /* Pods-WeatherStatisticTest.release.xcconfig */,
				BAB6B0A9F0980237D085AC26 /* Pods-WeatherStatistics-IOS.debug.xcconfig */,
				4035D52C43DA6469247C670F /* Pods-WeatherStatistics-IOS.release.xcconfig */,
			);
			name = Pods;
			sourceTree = "<group>";
		};
		9E22DB2D8F98074C038FB9E9 /* Frameworks */ = {
			isa = PBXGroup;
			children = (
				2B5D5F18E7BEC9768C461F32 /* Pods_WeatherStatistics.framework */,
				9C7DF35C0828B4E7CE30DE2F /* Pods_WeatherStatisticTest.framework */,
				BBC68B06AEDD9F27FBCB004D /* Pods_WeatherStatistics_IOS.framework */,
			);
			name = Frameworks;
			sourceTree = "<group>";
		};
/* End PBXGroup section */

/* Begin PBXHeadersBuildPhase section */
		44E53BF01EF48F3800CA6D09 /* Headers */ = {
			isa = PBXHeadersBuildPhase;
			buildActionMask = 2147483647;
			files = (
				44E53BF71EF48F3800CA6D09 /* WeatherStatistics-IOS.h in Headers */,
			);
			runOnlyForDeploymentPostprocessing = 0;
		};
/* End PBXHeadersBuildPhase section */

/* Begin PBXNativeTarget section */
		44CB23651EF084B500B0B0B0 /* WeatherStatistics */ = {
			isa = PBXNativeTarget;
			buildConfigurationList = 44CB237B1EF084B500B0B0B0 /* Build configuration list for PBXNativeTarget "WeatherStatistics" */;
			buildPhases = (
				15E9D24B23099F102F4395BC /* [CP] Check Pods Manifest.lock */,
				44CB23621EF084B500B0B0B0 /* Sources */,
				44CB23631EF084B500B0B0B0 /* Frameworks */,
				44CB23641EF084B500B0B0B0 /* Resources */,
				B80929EC0CC949D3C67AC349 /* [CP] Embed Pods Frameworks */,
				00B5D0D99F1F631C143D7BD4 /* [CP] Copy Pods Resources */,
				441B7BBD1EF4825600DF6348 /* Embed Frameworks */,
			);
			buildRules = (
			);
			dependencies = (
				44E53BF91EF48F3800CA6D09 /* PBXTargetDependency */,
			);
			name = WeatherStatistics;
			productName = WeatherStatistics;
			productReference = 44CB23661EF084B500B0B0B0 /* WeatherStatistics.app */;
			productType = "com.apple.product-type.application";
		};
		44E53BF21EF48F3800CA6D09 /* WeatherStatistics-IOS */ = {
			isa = PBXNativeTarget;
			buildConfigurationList = 44E53BFC1EF48F3800CA6D09 /* Build configuration list for PBXNativeTarget "WeatherStatistics-IOS" */;
			buildPhases = (
				3EFFC0194A8F11DED0E84760 /* [CP] Check Pods Manifest.lock */,
				44E53BEE1EF48F3800CA6D09 /* Sources */,
				44E53BEF1EF48F3800CA6D09 /* Frameworks */,
				44E53BF01EF48F3800CA6D09 /* Headers */,
				44E53BF11EF48F3800CA6D09 /* Resources */,
				472C3644606BE48307096786 /* [CP] Copy Pods Resources */,
			);
			buildRules = (
			);
			dependencies = (
			);
			name = "WeatherStatistics-IOS";
			productName = "WeatherStatistics-IOS";
			productReference = 44E53BF31EF48F3800CA6D09 /* WeatherStatistics.framework */;
			productType = "com.apple.product-type.framework";
		};
/* End PBXNativeTarget section */

/* Begin PBXProject section */
		44CB235E1EF084B500B0B0B0 /* Project object */ = {
			isa = PBXProject;
			attributes = {
				LastSwiftUpdateCheck = 0830;
				LastUpgradeCheck = 0830;
				ORGANIZATIONNAME = iosDeveloper;
				TargetAttributes = {
					44CB23651EF084B500B0B0B0 = {
						CreatedOnToolsVersion = 8.3.3;
						DevelopmentTeam = Q86HWXP9DQ;
						ProvisioningStyle = Automatic;
					};
					44E53BF21EF48F3800CA6D09 = {
						CreatedOnToolsVersion = 8.3.3;
						DevelopmentTeam = Q86HWXP9DQ;
						ProvisioningStyle = Automatic;
					};
				};
			};
			buildConfigurationList = 44CB23611EF084B500B0B0B0 /* Build configuration list for PBXProject "WeatherStatistics" */;
			compatibilityVersion = "Xcode 3.2";
			developmentRegion = English;
			hasScannedForEncodings = 0;
			knownRegions = (
				en,
				Base,
			);
			mainGroup = 44CB235D1EF084B500B0B0B0;
			productRefGroup = 44CB23671EF084B500B0B0B0 /* Products */;
			projectDirPath = "";
			projectRoot = "";
			targets = (
				44CB23651EF084B500B0B0B0 /* WeatherStatistics */,
				44E53BF21EF48F3800CA6D09 /* WeatherStatistics-IOS */,
			);
		};
/* End PBXProject section */

/* Begin PBXResourcesBuildPhase section */
		44CB23641EF084B500B0B0B0 /* Resources */ = {
			isa = PBXResourcesBuildPhase;
			buildActionMask = 2147483647;
			files = (
				44CB244E1EF1DE7700B0B0B0 /* ANSLoadingView.xib in Resources */,
				44CB24651EF1DE7700B0B0B0 /* Roboto-Regular.ttf in Resources */,
				44CB246D1EF1DE7700B0B0B0 /* RobotoCondensed-Regular.ttf in Resources */,
				44CB245D1EF1DE7700B0B0B0 /* Roboto-BlackItalic.ttf in Resources */,
				44CB246B1EF1DE7700B0B0B0 /* RobotoCondensed-Light.ttf in Resources */,
				44CB24411EF1DE7700B0B0B0 /* CustomPlayer.xib in Resources */,
				44CB24641EF1DE7700B0B0B0 /* Roboto-MediumItalic.ttf in Resources */,
				44CB238C1EF0850D00B0B0B0 /* Info.plist in Resources */,
				44CB24581EF1DE7700B0B0B0 /* RadioButton.xib in Resources */,
				44CB23981EF0886800B0B0B0 /* MeteorologicalStationList.plist in Resources */,
				44CB24591EF1DE7700B0B0B0 /* RadioButton.xib in Resources */,
				44CB24361EF1DE7700B0B0B0 /* CreditProgressView.xib in Resources */,
				44BF10501EF5CF590034B83B /* CityCell.xib in Resources */,
				44CB238B1EF0850D00B0B0B0 /* Main.storyboard in Resources */,
				44CB24631EF1DE7700B0B0B0 /* Roboto-Medium.ttf in Resources */,
				44CB24611EF1DE7700B0B0B0 /* Roboto-Light.ttf in Resources */,
				44CB24621EF1DE7700B0B0B0 /* Roboto-LightItalic.ttf in Resources */,
				44CB24691EF1DE7700B0B0B0 /* RobotoCondensed-BoldItalic.ttf in Resources */,
				44CB23891EF0850D00B0B0B0 /* Assets.xcassets in Resources */,
				44CB245F1EF1DE7700B0B0B0 /* Roboto-BoldItalic.ttf in Resources */,
				44CB24681EF1DE7700B0B0B0 /* RobotoCondensed-Bold.ttf in Resources */,
				44CB245C1EF1DE7700B0B0B0 /* Roboto-Black.ttf in Resources */,
				44BF10601EF653840034B83B /* YearHeaderView.xib in Resources */,
				44CB246F1EF1DE7700B0B0B0 /* HeaderView.xib in Resources */,
				44CB24561EF1DE7700B0B0B0 /* PaginatorView.xib in Resources */,
				44CB245E1EF1DE7700B0B0B0 /* Roboto-Bold.ttf in Resources */,
				44CB24511EF1DE7700B0B0B0 /* NavBar.xib in Resources */,
				44CB24601EF1DE7700B0B0B0 /* Roboto-Italic.ttf in Resources */,
				44CB24671EF1DE7700B0B0B0 /* Roboto-ThinItalic.ttf in Resources */,
				44CB24661EF1DE7700B0B0B0 /* Roboto-Thin.ttf in Resources */,
				44CB238A1EF0850D00B0B0B0 /* LaunchScreen.storyboard in Resources */,
				44BF105E1EF653840034B83B /* MonthCell.xib in Resources */,
				44CB246C1EF1DE7700B0B0B0 /* RobotoCondensed-LightItalic.ttf in Resources */,
				44CB246A1EF1DE7700B0B0B0 /* RobotoCondensed-Italic.ttf in Resources */,
			);
			runOnlyForDeploymentPostprocessing = 0;
		};
		44E53BF11EF48F3800CA6D09 /* Resources */ = {
			isa = PBXResourcesBuildPhase;
			buildActionMask = 2147483647;
			files = (
				44E53C021EF4933900CA6D09 /* MeteorologicalStationList.plist in Resources */,
			);
			runOnlyForDeploymentPostprocessing = 0;
		};
/* End PBXResourcesBuildPhase section */

/* Begin PBXShellScriptBuildPhase section */
		00B5D0D99F1F631C143D7BD4 /* [CP] Copy Pods Resources */ = {
			isa = PBXShellScriptBuildPhase;
			buildActionMask = 2147483647;
			files = (
			);
			inputPaths = (
			);
			name = "[CP] Copy Pods Resources";
			outputPaths = (
			);
			runOnlyForDeploymentPostprocessing = 0;
			shellPath = /bin/sh;
			shellScript = "\"${SRCROOT}/Pods/Target Support Files/Pods-WeatherStatistics/Pods-WeatherStatistics-resources.sh\"\n";
			showEnvVarsInLog = 0;
		};
		15E9D24B23099F102F4395BC /* [CP] Check Pods Manifest.lock */ = {
			isa = PBXShellScriptBuildPhase;
			buildActionMask = 2147483647;
			files = (
			);
			inputPaths = (
			);
			name = "[CP] Check Pods Manifest.lock";
			outputPaths = (
			);
			runOnlyForDeploymentPostprocessing = 0;
			shellPath = /bin/sh;
			shellScript = "diff \"${PODS_ROOT}/../Podfile.lock\" \"${PODS_ROOT}/Manifest.lock\" > /dev/null\nif [ $? != 0 ] ; then\n    # print error to STDERR\n    echo \"error: The sandbox is not in sync with the Podfile.lock. Run 'pod install' or update your CocoaPods installation.\" >&2\n    exit 1\nfi\n";
			showEnvVarsInLog = 0;
		};
		3EFFC0194A8F11DED0E84760 /* [CP] Check Pods Manifest.lock */ = {
			isa = PBXShellScriptBuildPhase;
			buildActionMask = 2147483647;
			files = (
			);
			inputPaths = (
			);
			name = "[CP] Check Pods Manifest.lock";
			outputPaths = (
			);
			runOnlyForDeploymentPostprocessing = 0;
			shellPath = /bin/sh;
			shellScript = "diff \"${PODS_ROOT}/../Podfile.lock\" \"${PODS_ROOT}/Manifest.lock\" > /dev/null\nif [ $? != 0 ] ; then\n    # print error to STDERR\n    echo \"error: The sandbox is not in sync with the Podfile.lock. Run 'pod install' or update your CocoaPods installation.\" >&2\n    exit 1\nfi\n";
			showEnvVarsInLog = 0;
		};
		472C3644606BE48307096786 /* [CP] Copy Pods Resources */ = {
			isa = PBXShellScriptBuildPhase;
			buildActionMask = 2147483647;
			files = (
			);
			inputPaths = (
			);
			name = "[CP] Copy Pods Resources";
			outputPaths = (
			);
			runOnlyForDeploymentPostprocessing = 0;
			shellPath = /bin/sh;
			shellScript = "\"${SRCROOT}/Pods/Target Support Files/Pods-WeatherStatistics-IOS/Pods-WeatherStatistics-IOS-resources.sh\"\n";
			showEnvVarsInLog = 0;
		};
		B80929EC0CC949D3C67AC349 /* [CP] Embed Pods Frameworks */ = {
			isa = PBXShellScriptBuildPhase;
			buildActionMask = 2147483647;
			files = (
			);
			inputPaths = (
			);
			name = "[CP] Embed Pods Frameworks";
			outputPaths = (
			);
			runOnlyForDeploymentPostprocessing = 0;
			shellPath = /bin/sh;
			shellScript = "\"${SRCROOT}/Pods/Target Support Files/Pods-WeatherStatistics/Pods-WeatherStatistics-frameworks.sh\"\n";
			showEnvVarsInLog = 0;
		};
/* End PBXShellScriptBuildPhase section */

/* Begin PBXSourcesBuildPhase section */
		44CB23621EF084B500B0B0B0 /* Sources */ = {
			isa = PBXSourcesBuildPhase;
			buildActionMask = 2147483647;
			files = (
				44CB247B1EF1DE7700B0B0B0 /* UICollectionView + Extension.swift in Sources */,
				44BF10691EF7071F0034B83B /* TMinChartViewController.swift in Sources */,
				44BF10661EF697020034B83B /* TMaxChartViewController.swift in Sources */,
				44CB24861EF1DE7700B0B0B0 /* UITableView + Extension.swift in Sources */,
				44CB24701EF1DE7700B0B0B0 /* VisibleButton.swift in Sources */,
				44CB248D1EF1DE7700B0B0B0 /* ObservableArray.swift in Sources */,
				44CB247C1EF1DE7700B0B0B0 /* UIColor + Extension.swift in Sources */,
				44CB24421EF1DE7700B0B0B0 /* DesignableUITextField.swift in Sources */,
				44CB24841EF1DE7700B0B0B0 /* UIStoryboard + Extension.swift in Sources */,
				44CB24381EF1DE7700B0B0B0 /* FlipDismissAnimationControllerViewController.swift in Sources */,
				44BF104F1EF5CF590034B83B /* CityCell.swift in Sources */,
				44CB244C1EF1DE7700B0B0B0 /* ExpandButton.swift in Sources */,
				44CB24521EF1DE7700B0B0B0 /* LeftArrowButton.swift in Sources */,
				44CB24501EF1DE7700B0B0B0 /* NavBar.swift in Sources */,
				44CB244B1EF1DE7700B0B0B0 /* EdgeShadowLayer.swift in Sources */,
				44CB244D1EF1DE7700B0B0B0 /* ANSLoadingView.m in Sources */,
				44CB248A1EF1DE7700B0B0B0 /* UIViewController + Extension.swift in Sources */,
				44CB24851EF1DE7700B0B0B0 /* UITableView + ChangeModel.swift in Sources */,
				44CB23A21EF08A8600B0B0B0 /* CitySourceData.swift in Sources */,
				44CB24761EF1DE7700B0B0B0 /* NSBundle+ANSExtenison.m in Sources */,
				44BF104E1EF5CF590034B83B /* CitiesViewModel.swift in Sources */,
				44CB24771EF1DE7700B0B0B0 /* String + Extension.swift in Sources */,
				44BF105D1EF653840034B83B /* MonthCell.swift in Sources */,
				44CB24541EF1DE7700B0B0B0 /* UpDownButton.swift in Sources */,
				44CB248B1EF1DE7700B0B0B0 /* Locker.swift in Sources */,
				44CB24341EF1DE7700B0B0B0 /* LGHorizontalLinearFlowLayout.swift in Sources */,
				44BF10541EF5CF950034B83B /* WeatherСhartViewСontroller.swift in Sources */,
				44CB243B1EF1DE7700B0B0B0 /* SlideInPresentationAnimator.swift in Sources */,
				44BF105F1EF653840034B83B /* YearHeaderView.swift in Sources */,
				44BF10071EF5A7E40034B83B /* YearStatistic.swift in Sources */,
				44CB24831EF1DE7700B0B0B0 /* UINib + Extension.swift in Sources */,
				44CB246E1EF1DE7700B0B0B0 /* HeaderView.swift in Sources */,
				44CB23A71EF1CC0600B0B0B0 /* DataParser.swift in Sources */,
				44E53C041EF4A6BF00CA6D09 /* City.swift in Sources */,
				44CB23881EF0850D00B0B0B0 /* AppDelegate.swift in Sources */,
				44CB24881EF1DE7700B0B0B0 /* UIView + Extension.swift in Sources */,
				44CB24531EF1DE7700B0B0B0 /* RightArrowButton.swift in Sources */,
				44CB243F1EF1DE7700B0B0B0 /* TrancitionViewController.swift in Sources */,
				44CB24791EF1DE7700B0B0B0 /* String + Сurrency.swift in Sources */,
				44BF10561EF5D10D0034B83B /* PageTabBarController.swift in Sources */,
				44BF10621EF660C70034B83B /* Arifmetic.swift in Sources */,
				44CB243D1EF1DE7700B0B0B0 /* SlideInPresentationManager.swift in Sources */,
				44CB24331EF1DE7700B0B0B0 /* CheckBox.swift in Sources */,
				44CB24321EF1DE7700B0B0B0 /* Converter.swift in Sources */,
				44CB247A1EF1DE7700B0B0B0 /* UIAllertViewController + Extension.swift in Sources */,
				44CB244F1EF1DE7700B0B0B0 /* ANSRootView.m in Sources */,
				44CB24371EF1DE7700B0B0B0 /* FlipApperdAnimationController.swift in Sources */,
				44CB24871EF1DE7700B0B0B0 /* UITableView + LongPressMoveRow.swift in Sources */,
				44CB248C1EF1DE7700B0B0B0 /* ImageLoader.swift in Sources */,
				44E53C061EF4A7B600CA6D09 /* CityLocations.swift in Sources */,
				44BF10461EF5CF3C0034B83B /* WeathrStatisticViewController.swift in Sources */,
				44CB24551EF1DE7700B0B0B0 /* PaginatorView.swift in Sources */,
				44BF10091EF5A80E0034B83B /* MonthStatistic.swift in Sources */,
				44CB24751EF1DE7700B0B0B0 /* FileManager + Extension.swift in Sources */,
				44CB24401EF1DE7700B0B0B0 /* CustomPlayer.swift in Sources */,
				44CB24781EF1DE7700B0B0B0 /* String + ParameterEncoding.swift in Sources */,
				44BF102A1EF5CBAE0034B83B /* NetworkManager.swift in Sources */,
				44BF10451EF5CF3C0034B83B /* WeathrStatisticRootView.swift in Sources */,
				44CB23A91EF1D28700B0B0B0 /* Constanst.swift in Sources */,
				44CB238D1EF0850D00B0B0B0 /* WeatherStatistics.xcdatamodeld in Sources */,
				44BF106D1EF79E600034B83B /* RainMMCHartViewController.swift in Sources */,
				44BF10521EF5CF720034B83B /* WeatherListViewController.swift in Sources */,
				44CB24351EF1DE7700B0B0B0 /* CreditProgressView.swift in Sources */,
				44CB243A1EF1DE7700B0B0B0 /* SwipeInteractionController.swift in Sources */,
				44CB24571EF1DE7700B0B0B0 /* RadioButton.swift in Sources */,
				44CB24741EF1DE7700B0B0B0 /* Dictionary + Extension.swift in Sources */,
				44BF104D1EF5CF590034B83B /* CitiesViewController.swift in Sources */,
				44CB243C1EF1DE7700B0B0B0 /* SlideInPresentationController.swift in Sources */,
				44CB24721EF1DE7700B0B0B0 /* Date + Extension.swift in Sources */,
				44CB24391EF1DE7700B0B0B0 /* FlipTransitionDelegate.swift in Sources */,
				44CB24821EF1DE7700B0B0B0 /* UIImage + Extension.swift in Sources */,
				44CB243E1EF1DE7700B0B0B0 /* SlideOutAnimationController.swift in Sources */,
				44CB24711EF1DE7700B0B0B0 /* Array + Extension.swift in Sources */,
				44CB24891EF1DE7700B0B0B0 /* UIViewController + Allert.swift in Sources */,
				44CB24731EF1DE7700B0B0B0 /* DesignExtensions.swift in Sources */,
			);
			runOnlyForDeploymentPostprocessing = 0;
		};
		44E53BEE1EF48F3800CA6D09 /* Sources */ = {
			isa = PBXSourcesBuildPhase;
			buildActionMask = 2147483647;
			files = (
				44E53BFF1EF4907300CA6D09 /* CitySourceData.swift in Sources */,
				44E53C001EF4908C00CA6D09 /* Constanst.swift in Sources */,
				44E53C0B1EF529C200CA6D09 /* City.swift in Sources */,
				44BF100A1EF5A9940034B83B /* YearStatistic.swift in Sources */,
				44BF100C1EF5A9B00034B83B /* MonthStatistic.swift in Sources */,
				44BF102B1EF5CBAE0034B83B /* NetworkManager.swift in Sources */,
				44BF10631EF661960034B83B /* Arifmetic.swift in Sources */,
				44E53C0A1EF525F500CA6D09 /* String + Extension.swift in Sources */,
				44E53C011EF490AE00CA6D09 /* DataParser.swift in Sources */,
				44E53C091EF51ED500CA6D09 /* CityLocations.swift in Sources */,
			);
			runOnlyForDeploymentPostprocessing = 0;
		};
/* End PBXSourcesBuildPhase section */

/* Begin PBXTargetDependency section */
		44E53BF91EF48F3800CA6D09 /* PBXTargetDependency */ = {
			isa = PBXTargetDependency;
			target = 44E53BF21EF48F3800CA6D09 /* WeatherStatistics-IOS */;
			targetProxy = 44E53BF81EF48F3800CA6D09 /* PBXContainerItemProxy */;
		};
/* End PBXTargetDependency section */

/* Begin PBXVariantGroup section */
		44CB23811EF0850D00B0B0B0 /* LaunchScreen.storyboard */ = {
			isa = PBXVariantGroup;
			children = (
				44CB23821EF0850D00B0B0B0 /* Base */,
			);
			name = LaunchScreen.storyboard;
			sourceTree = "<group>";
		};
		44CB23831EF0850D00B0B0B0 /* Main.storyboard */ = {
			isa = PBXVariantGroup;
			children = (
				44CB23841EF0850D00B0B0B0 /* Base */,
			);
			name = Main.storyboard;
			path = ../Resources;
			sourceTree = "<group>";
		};
/* End PBXVariantGroup section */

/* Begin XCBuildConfiguration section */
		44CB23791EF084B500B0B0B0 /* Debug */ = {
			isa = XCBuildConfiguration;
			buildSettings = {
				ALWAYS_SEARCH_USER_PATHS = NO;
				CLANG_ANALYZER_NONNULL = YES;
				CLANG_ANALYZER_NUMBER_OBJECT_CONVERSION = YES_AGGRESSIVE;
				CLANG_CXX_LANGUAGE_STANDARD = "gnu++0x";
				CLANG_CXX_LIBRARY = "libc++";
				CLANG_ENABLE_MODULES = YES;
				CLANG_ENABLE_OBJC_ARC = YES;
				CLANG_WARN_BOOL_CONVERSION = YES;
				CLANG_WARN_CONSTANT_CONVERSION = YES;
				CLANG_WARN_DIRECT_OBJC_ISA_USAGE = YES_ERROR;
				CLANG_WARN_DOCUMENTATION_COMMENTS = YES;
				CLANG_WARN_EMPTY_BODY = YES;
				CLANG_WARN_ENUM_CONVERSION = YES;
				CLANG_WARN_INFINITE_RECURSION = YES;
				CLANG_WARN_INT_CONVERSION = YES;
				CLANG_WARN_OBJC_ROOT_CLASS = YES_ERROR;
				CLANG_WARN_SUSPICIOUS_MOVE = YES;
				CLANG_WARN_UNREACHABLE_CODE = YES;
				CLANG_WARN__DUPLICATE_METHOD_MATCH = YES;
				"CODE_SIGN_IDENTITY[sdk=iphoneos*]" = "iPhone Developer";
				COPY_PHASE_STRIP = NO;
				DEBUG_INFORMATION_FORMAT = dwarf;
				ENABLE_STRICT_OBJC_MSGSEND = YES;
				ENABLE_TESTABILITY = YES;
				GCC_C_LANGUAGE_STANDARD = gnu99;
				GCC_DYNAMIC_NO_PIC = NO;
				GCC_NO_COMMON_BLOCKS = YES;
				GCC_OPTIMIZATION_LEVEL = 0;
				GCC_PREPROCESSOR_DEFINITIONS = (
					"DEBUG=1",
					"$(inherited)",
				);
				GCC_WARN_64_TO_32_BIT_CONVERSION = YES;
				GCC_WARN_ABOUT_RETURN_TYPE = YES_ERROR;
				GCC_WARN_UNDECLARED_SELECTOR = YES;
				GCC_WARN_UNINITIALIZED_AUTOS = YES_AGGRESSIVE;
				GCC_WARN_UNUSED_FUNCTION = YES;
				GCC_WARN_UNUSED_VARIABLE = YES;
				IPHONEOS_DEPLOYMENT_TARGET = 10.3;
				MTL_ENABLE_DEBUG_INFO = YES;
				ONLY_ACTIVE_ARCH = YES;
				SDKROOT = iphoneos;
				SWIFT_ACTIVE_COMPILATION_CONDITIONS = DEBUG;
				SWIFT_OPTIMIZATION_LEVEL = "-Onone";
			};
			name = Debug;
		};
		44CB237A1EF084B500B0B0B0 /* Release */ = {
			isa = XCBuildConfiguration;
			buildSettings = {
				ALWAYS_SEARCH_USER_PATHS = NO;
				CLANG_ANALYZER_NONNULL = YES;
				CLANG_ANALYZER_NUMBER_OBJECT_CONVERSION = YES_AGGRESSIVE;
				CLANG_CXX_LANGUAGE_STANDARD = "gnu++0x";
				CLANG_CXX_LIBRARY = "libc++";
				CLANG_ENABLE_MODULES = YES;
				CLANG_ENABLE_OBJC_ARC = YES;
				CLANG_WARN_BOOL_CONVERSION = YES;
				CLANG_WARN_CONSTANT_CONVERSION = YES;
				CLANG_WARN_DIRECT_OBJC_ISA_USAGE = YES_ERROR;
				CLANG_WARN_DOCUMENTATION_COMMENTS = YES;
				CLANG_WARN_EMPTY_BODY = YES;
				CLANG_WARN_ENUM_CONVERSION = YES;
				CLANG_WARN_INFINITE_RECURSION = YES;
				CLANG_WARN_INT_CONVERSION = YES;
				CLANG_WARN_OBJC_ROOT_CLASS = YES_ERROR;
				CLANG_WARN_SUSPICIOUS_MOVE = YES;
				CLANG_WARN_UNREACHABLE_CODE = YES;
				CLANG_WARN__DUPLICATE_METHOD_MATCH = YES;
				"CODE_SIGN_IDENTITY[sdk=iphoneos*]" = "iPhone Developer";
				COPY_PHASE_STRIP = NO;
				DEBUG_INFORMATION_FORMAT = "dwarf-with-dsym";
				ENABLE_NS_ASSERTIONS = NO;
				ENABLE_STRICT_OBJC_MSGSEND = YES;
				GCC_C_LANGUAGE_STANDARD = gnu99;
				GCC_NO_COMMON_BLOCKS = YES;
				GCC_WARN_64_TO_32_BIT_CONVERSION = YES;
				GCC_WARN_ABOUT_RETURN_TYPE = YES_ERROR;
				GCC_WARN_UNDECLARED_SELECTOR = YES;
				GCC_WARN_UNINITIALIZED_AUTOS = YES_AGGRESSIVE;
				GCC_WARN_UNUSED_FUNCTION = YES;
				GCC_WARN_UNUSED_VARIABLE = YES;
				IPHONEOS_DEPLOYMENT_TARGET = 10.3;
				MTL_ENABLE_DEBUG_INFO = NO;
				SDKROOT = iphoneos;
				SWIFT_OPTIMIZATION_LEVEL = "-Owholemodule";
				VALIDATE_PRODUCT = YES;
			};
			name = Release;
		};
		44CB237C1EF084B500B0B0B0 /* Debug */ = {
			isa = XCBuildConfiguration;
			baseConfigurationReference = 86CA4CB28355EC0D44488073 /* Pods-WeatherStatistics.debug.xcconfig */;
			buildSettings = {
				ALWAYS_EMBED_SWIFT_STANDARD_LIBRARIES = YES;
				ASSETCATALOG_COMPILER_APPICON_NAME = AppIcon;
				DEVELOPMENT_TEAM = Q86HWXP9DQ;
				INFOPLIST_FILE = "$(SRCROOT)/WeatherStatistics/Resources/Info.plist";
				LD_RUNPATH_SEARCH_PATHS = "$(inherited) @executable_path/Frameworks";
				PRODUCT_BUNDLE_IDENTIFIER = Talantarium.WeatherStatistics;
				PRODUCT_NAME = "$(TARGET_NAME)";
				SWIFT_OBJC_BRIDGING_HEADER = "/Users/iosdeveloper/Documents/PrivateProjectsGit/WeatherStatistics/WeatherStatistics/WeatherStatistics/Resources/WeatherStatistics-Bridging-Header.h";
				SWIFT_VERSION = 3.0;
			};
			name = Debug;
		};
		44CB237D1EF084B500B0B0B0 /* Release */ = {
			isa = XCBuildConfiguration;
			baseConfigurationReference = 1C6B7CE364D100F6C3E87174 /* Pods-WeatherStatistics.release.xcconfig */;
			buildSettings = {
				ALWAYS_EMBED_SWIFT_STANDARD_LIBRARIES = YES;
				ASSETCATALOG_COMPILER_APPICON_NAME = AppIcon;
				DEVELOPMENT_TEAM = Q86HWXP9DQ;
				INFOPLIST_FILE = "$(SRCROOT)/WeatherStatistics/Resources/Info.plist";
				LD_RUNPATH_SEARCH_PATHS = "$(inherited) @executable_path/Frameworks";
				PRODUCT_BUNDLE_IDENTIFIER = Talantarium.WeatherStatistics;
				PRODUCT_NAME = "$(TARGET_NAME)";
				SWIFT_OBJC_BRIDGING_HEADER = "/Users/iosdeveloper/Documents/PrivateProjectsGit/WeatherStatistics/WeatherStatistics/WeatherStatistics/Resources/WeatherStatistics-Bridging-Header.h";
				SWIFT_VERSION = 3.0;
			};
			name = Release;
		};
		44E53BFD1EF48F3800CA6D09 /* Debug */ = {
			isa = XCBuildConfiguration;
			baseConfigurationReference = BAB6B0A9F0980237D085AC26 /* Pods-WeatherStatistics-IOS.debug.xcconfig */;
			buildSettings = {
				CODE_SIGN_IDENTITY = "";
				CURRENT_PROJECT_VERSION = 1;
				DEFINES_MODULE = YES;
				DEVELOPMENT_TEAM = Q86HWXP9DQ;
				DYLIB_COMPATIBILITY_VERSION = 1;
				DYLIB_CURRENT_VERSION = 1;
				DYLIB_INSTALL_NAME_BASE = "@rpath";
				INFOPLIST_FILE = "WeatherStatistics-IOS/Info.plist";
				INSTALL_PATH = "$(LOCAL_LIBRARY_DIR)/Frameworks";
				LD_RUNPATH_SEARCH_PATHS = "$(inherited) @executable_path/Frameworks @loader_path/Frameworks";
				PRODUCT_BUNDLE_IDENTIFIER = "Talantarium.WeatherStatistics-IOS";
				PRODUCT_NAME = WeatherStatistics;
				SKIP_INSTALL = YES;
				SWIFT_VERSION = 3.0;
				TARGETED_DEVICE_FAMILY = "1,2";
				VERSIONING_SYSTEM = "apple-generic";
				VERSION_INFO_PREFIX = "";
			};
			name = Debug;
		};
		44E53BFE1EF48F3800CA6D09 /* Release */ = {
			isa = XCBuildConfiguration;
			baseConfigurationReference = 4035D52C43DA6469247C670F /* Pods-WeatherStatistics-IOS.release.xcconfig */;
			buildSettings = {
				CODE_SIGN_IDENTITY = "";
				CURRENT_PROJECT_VERSION = 1;
				DEFINES_MODULE = YES;
				DEVELOPMENT_TEAM = Q86HWXP9DQ;
				DYLIB_COMPATIBILITY_VERSION = 1;
				DYLIB_CURRENT_VERSION = 1;
				DYLIB_INSTALL_NAME_BASE = "@rpath";
				INFOPLIST_FILE = "WeatherStatistics-IOS/Info.plist";
				INSTALL_PATH = "$(LOCAL_LIBRARY_DIR)/Frameworks";
				LD_RUNPATH_SEARCH_PATHS = "$(inherited) @executable_path/Frameworks @loader_path/Frameworks";
				PRODUCT_BUNDLE_IDENTIFIER = "Talantarium.WeatherStatistics-IOS";
				PRODUCT_NAME = WeatherStatistics;
				SKIP_INSTALL = YES;
				SWIFT_VERSION = 3.0;
				TARGETED_DEVICE_FAMILY = "1,2";
				VERSIONING_SYSTEM = "apple-generic";
				VERSION_INFO_PREFIX = "";
			};
			name = Release;
		};
/* End XCBuildConfiguration section */

/* Begin XCConfigurationList section */
		44CB23611EF084B500B0B0B0 /* Build configuration list for PBXProject "WeatherStatistics" */ = {
			isa = XCConfigurationList;
			buildConfigurations = (
				44CB23791EF084B500B0B0B0 /* Debug */,
				44CB237A1EF084B500B0B0B0 /* Release */,
			);
			defaultConfigurationIsVisible = 0;
			defaultConfigurationName = Release;
		};
		44CB237B1EF084B500B0B0B0 /* Build configuration list for PBXNativeTarget "WeatherStatistics" */ = {
			isa = XCConfigurationList;
			buildConfigurations = (
				44CB237C1EF084B500B0B0B0 /* Debug */,
				44CB237D1EF084B500B0B0B0 /* Release */,
			);
			defaultConfigurationIsVisible = 0;
			defaultConfigurationName = Release;
		};
		44E53BFC1EF48F3800CA6D09 /* Build configuration list for PBXNativeTarget "WeatherStatistics-IOS" */ = {
			isa = XCConfigurationList;
			buildConfigurations = (
				44E53BFD1EF48F3800CA6D09 /* Debug */,
				44E53BFE1EF48F3800CA6D09 /* Release */,
			);
			defaultConfigurationIsVisible = 0;
			defaultConfigurationName = Release;
		};
/* End XCConfigurationList section */

/* Begin XCVersionGroup section */
		44CB23861EF0850D00B0B0B0 /* WeatherStatistics.xcdatamodeld */ = {
			isa = XCVersionGroup;
			children = (
				44CB23871EF0850D00B0B0B0 /* WeatherStatistics.xcdatamodel */,
			);
			currentVersion = 44CB23871EF0850D00B0B0B0 /* WeatherStatistics.xcdatamodel */;
			path = WeatherStatistics.xcdatamodeld;
			sourceTree = "<group>";
			versionGroupType = wrapper.xcdatamodel;
		};
/* End XCVersionGroup section */
	};
	rootObject = 44CB235E1EF084B500B0B0B0 /* Project object */;
}
